{
  "version": 4,
  "terraform_version": "1.15.8",
  "serial": 751,
  "lineage": "bcfcf94a-e00c-65ed-f7ba-7ba7423ee7a0",
  "outputs": {
    "alb_dns_name": {
      "value": "order-saga-alb-1027221969.ap-south-1.elb.amazonaws.com",
      "type": "string"
    },
    "ecr_repository_urls": {
      "value": {
        "inventory": "882040517001.dkr.ecr.ap-south-1.amazonaws.com/order-saga-inventory",
        "notification": "882040517001.dkr.ecr.ap-south-1.amazonaws.com/order-saga-notification",
        "payment": "882040517001.dkr.ecr.ap-south-1.amazonaws.com/order-saga-payment",
        "producer": "882040517001.dkr.ecr.ap-south-1.amazonaws.com/order-saga-producer"
      },
      "type": [
        "object",
        {
          "inventory": "string",
          "notification": "string",
          "payment": "string",
          "producer": "string"
        }
      ]
    },
    "mq_private_ip": {
      "value": "10.0.1.199",
      "type": "string"
    },
    "mq_public_ip": {
      "value": "43.205.213.249",
      "type": "string"
    },
    "pgadmin_public_ip": {
      "value": "65.1.109.158",
      "type": "string"
    },
    "rds_endpoint": {
      "value": "order-saga-db.cjog6gkyme94.ap-south-1.rds.amazonaws.com:5432",
      "type": "string"
    }
  },
  "resources": [
    {
      "mode": "data",
      "type": "aws_ami",
      "name": "amazon_linux_2023",
      "provider": "provider[\"registry.terraform.io/hashicorp/aws\"]",
      "instances": [
        {
          "schema_version": 0,
          "attributes": {
            "architecture": "x86_64",
            "arn": "arn:aws:ec2:ap-south-1::image/ami-094210f044117049d",
            "block_device_mappings": [
              {
                "device_name": "/dev/xvda",
                "ebs": {
                  "delete_on_termination": "true",
                  "encrypted": "false",
                  "iops": "3000",
                  "snapshot_id": "snap-01fc24971a1836421",
                  "throughput": "125",
                  "volume_initialization_rate": "0",
                  "volume_size": "8",
                  "volume_type": "gp3"
                },
                "no_device": "",
                "virtual_name": ""
              }
            ],
            "boot_mode": "uefi-preferred",
            "creation_date": "2026-08-26T15:34:24.000Z",
            "deprecation_time": "2026-11-24T15:36:00.000Z",
            "description": "Amazon Linux 2023 AMI 2023.12.20260831.0 x86_64 HVM kernel-6.1",
            "ena_support": true,
            "executable_users": null,
            "filter": [
              {
                "name": "name",
                "values": [
                  "al2023-ami-2023.*-x86_64"
                ]
              }
            ],
            "hypervisor": "xen",
            "id": "ami-094210f044117049d",
            "image_id": "ami-094210f044117049d",
            "image_location": "amazon/al2023-ami-2023.12.20260831.0-kernel-6.1-x86_64",
            "image_owner_alias": "amazon",
            "image_type": "machine",
            "imds_support": "v2.0",
            "include_deprecated": false,
            "kernel_id": "",
            "last_launched_time": "",
            "most_recent": true,
            "name": "al2023-ami-2023.12.20260831.0-kernel-6.1-x86_64",
            "name_regex": null,
            "owner_id": "137112412989",
            "owners": [
              "amazon"
            ],
            "platform": "",
            "platform_details": "Linux/UNIX",
            "product_codes": [],
            "public": true,
            "ramdisk_id": "",
            "root_device_name": "/dev/xvda",
            "root_device_type": "ebs",
            "root_snapshot_id": "snap-01fc24971a1836421",
            "sriov_net_support": "simple",
            "state": "available",
            "state_reason": {
              "code": "UNSET",
              "message": "UNSET"
            },
            "tags": {},
            "timeouts": null,
            "tpm_support": "",
            "uefi_data": null,
            "usage_operation": "RunInstances",
            "virtualization_type": "hvm"
          },
          "sensitive_attributes": [],
          "identity_schema_version": 0
        }
      ]
    },
    {
      "mode": "data",
      "type": "aws_availability_zones",
      "name": "available",
      "provider": "provider[\"registry.terraform.io/hashicorp/aws\"]",
      "instances": [
        {
          "schema_version": 0,
          "attributes": {
            "all_availability_zones": null,
            "exclude_names": null,
            "exclude_zone_ids": null,
            "filter": null,
            "group_names": [
              "ap-south-1-zg-1"
            ],
            "id": "ap-south-1",
            "names": [
              "ap-south-1a",
              "ap-south-1b",
              "ap-south-1c"
            ],
            "state": "available",
            "timeouts": null,
            "zone_ids": [
              "aps1-az1",
              "aps1-az3",
              "aps1-az2"
            ]
          },
          "sensitive_attributes": [],
          "identity_schema_version": 0
        }
      ]
    },
    {
      "mode": "data",
      "type": "aws_caller_identity",
      "name": "current",
      "provider": "provider[\"registry.terraform.io/hashicorp/aws\"]",
      "instances": [
        {
          "schema_version": 0,
          "attributes": {
            "account_id": "882040517001",
            "arn": "arn:aws:iam::882040517001:root",
            "id": "882040517001",
            "user_id": "882040517001"
          },
          "sensitive_attributes": [],
          "identity_schema_version": 0
        }
      ]
    },
    {
      "mode": "managed",
      "type": "aws_cloudwatch_log_group",
      "name": "ecs",
      "provider": "provider[\"registry.terraform.io/hashicorp/aws\"]",
      "instances": [
        {
          "index_key": "inventory",
          "schema_version": 0,
          "attributes": {
            "arn": "arn:aws:logs:ap-south-1:882040517001:log-group:/ecs/order-saga-inventory",
            "id": "/ecs/order-saga-inventory",
            "kms_key_id": "",
            "log_group_class": "STANDARD",
            "name": "/ecs/order-saga-inventory",
            "name_prefix": "",
            "retention_in_days": 7,
            "skip_destroy": false,
            "tags": null,
            "tags_all": {
              "Environment": "POC",
              "ManagedBy": "Terraform",
              "Project": "OrderSaga"
            }
          },
          "sensitive_attributes": [],
          "identity_schema_version": 0,
          "private": "bnVsbA=="
        },
        {
          "index_key": "notification",
          "schema_version": 0,
          "attributes": {
            "arn": "arn:aws:logs:ap-south-1:882040517001:log-group:/ecs/order-saga-notification",
            "id": "/ecs/order-saga-notification",
            "kms_key_id": "",
            "log_group_class": "STANDARD",
            "name": "/ecs/order-saga-notification",
            "name_prefix": "",
            "retention_in_days": 7,
            "skip_destroy": false,
            "tags": null,
            "tags_all": {
              "Environment": "POC",
              "ManagedBy": "Terraform",
              "Project": "OrderSaga"
            }
          },
          "sensitive_attributes": [],
          "identity_schema_version": 0,
          "private": "bnVsbA=="
        },
        {
          "index_key": "payment",
          "schema_version": 0,
          "attributes": {
            "arn": "arn:aws:logs:ap-south-1:882040517001:log-group:/ecs/order-saga-payment",
            "id": "/ecs/order-saga-payment",
            "kms_key_id": "",
            "log_group_class": "STANDARD",
            "name": "/ecs/order-saga-payment",
            "name_prefix": "",
            "retention_in_days": 7,
            "skip_destroy": false,
            "tags": null,
            "tags_all": {
              "Environment": "POC",
              "ManagedBy": "Terraform",
              "Project": "OrderSaga"
            }
          },
          "sensitive_attributes": [],
          "identity_schema_version": 0,
          "private": "bnVsbA=="
        },
        {
          "index_key": "producer",
          "schema_version": 0,
          "attributes": {
            "arn": "arn:aws:logs:ap-south-1:882040517001:log-group:/ecs/order-saga-producer",
            "id": "/ecs/order-saga-producer",
            "kms_key_id": "",
            "log_group_class": "STANDARD",
            "name": "/ecs/order-saga-producer",
            "name_prefix": "",
            "retention_in_days": 7,
            "skip_destroy": false,
            "tags": null,
            "tags_all": {
              "Environment": "POC",
              "ManagedBy": "Terraform",
              "Project": "OrderSaga"
            }
          },
          "sensitive_attributes": [],
          "identity_schema_version": 0,
          "private": "bnVsbA=="
        }
      ]
    },
    {
      "mode": "managed",
      "type": "aws_db_instance",
      "name": "rds",
      "provider": "provider[\"registry.terraform.io/hashicorp/aws\"]",
      "instances": [
        {
          "schema_version": 2,
          "attributes": {
            "address": "order-saga-db.cjog6gkyme94.ap-south-1.rds.amazonaws.com",
            "allocated_storage": 20,
            "allow_major_version_upgrade": null,
            "apply_immediately": false,
            "arn": "arn:aws:rds:ap-south-1:882040517001:db:order-saga-db",
            "auto_minor_version_upgrade": true,
            "availability_zone": "ap-south-1b",
            "backup_retention_period": 0,
            "backup_target": "region",
            "backup_window": "20:19-20:49",
            "blue_green_update": [],
            "ca_cert_identifier": "rds-ca-rsa2048-g1",
            "character_set_name": "",
            "copy_tags_to_snapshot": false,
            "custom_iam_instance_profile": "",
            "customer_owned_ip_enabled": false,
            "database_insights_mode": "standard",
            "db_name": "order_db",
            "db_subnet_group_name": "order-saga-db-subnet-group",
            "dedicated_log_volume": false,
            "delete_automated_backups": true,
            "deletion_protection": false,
            "domain": "",
            "domain_auth_secret_arn": "",
            "domain_dns_ips": null,
            "domain_fqdn": "",
            "domain_iam_role_name": "",
            "domain_ou": "",
            "enabled_cloudwatch_logs_exports": null,
            "endpoint": "order-saga-db.cjog6gkyme94.ap-south-1.rds.amazonaws.com:5432",
            "engine": "postgres",
            "engine_lifecycle_support": "open-source-rds-extended-support",
            "engine_version": "15",
            "engine_version_actual": "15.17",
            "final_snapshot_identifier": null,
            "hosted_zone_id": "Z2VFMSZA74J7XZ",
            "iam_database_authentication_enabled": false,
            "id": "db-2IUV5IK5PJZIQ7T4KM63A3QUCE",
            "identifier": "order-saga-db",
            "identifier_prefix": "",
            "instance_class": "db.t3.micro",
            "iops": 3000,
            "kms_key_id": "arn:aws:kms:ap-south-1:882040517001:key/ed689a66-6077-48bf-b5bc-6ebcd3052e16",
            "latest_restorable_time": "",
            "license_model": "postgresql-license",
            "listener_endpoint": [],
            "maintenance_window": "tue:11:43-tue:12:13",
            "manage_master_user_password": null,
            "master_user_secret": [],
            "master_user_secret_kms_key_id": null,
            "max_allocated_storage": 0,
            "monitoring_interval": 0,
            "monitoring_role_arn": "",
            "multi_az": false,
            "nchar_character_set_name": "",
            "network_type": "IPV4",
            "option_group_name": "default:postgres-15",
            "parameter_group_name": "default.postgres15",
            "password": "ChangeMe123!",
            "password_wo": null,
            "password_wo_version": null,
            "performance_insights_enabled": false,
            "performance_insights_kms_key_id": "",
            "performance_insights_retention_period": 0,
            "port": 5432,
            "publicly_accessible": false,
            "replica_mode": "",
            "replicas": [],
            "replicate_source_db": "",
            "resource_id": "db-2IUV5IK5PJZIQ7T4KM63A3QUCE",
            "restore_to_point_in_time": [],
            "s3_import": [],
            "skip_final_snapshot": true,
            "snapshot_identifier": null,
            "status": "available",
            "storage_encrypted": true,
            "storage_throughput": 125,
            "storage_type": "gp3",
            "tags": {
              "Name": "order-saga-db"
            },
            "tags_all": {
              "Environment": "POC",
              "ManagedBy": "Terraform",
              "Name": "order-saga-db",
              "Project": "OrderSaga"
            },
            "timeouts": null,
            "timezone": "",
            "upgrade_storage_config": null,
            "username": "postgres",
            "vpc_security_group_ids": [
              "sg-0235f6c8e0c215890"
            ]
          },
          "sensitive_attributes": [
            [
              {
                "type": "get_attr",
                "value": "password"
              }
            ],
            [
              {
                "type": "get_attr",
                "value": "password_wo"
              }
            ],
            [
              {
                "type": "get_attr",
                "value": "username"
              }
            ]
          ],
          "identity_schema_version": 0,
          "private": "eyJlMmJmYjczMC1lY2FhLTExZTYtOGY4OC0zNDM2M2JjN2M0YzAiOnsiY3JlYXRlIjozMDAwMDAwMDAwMDAwLCJkZWxldGUiOjM2MDAwMDAwMDAwMDAsInVwZGF0ZSI6NDgwMDAwMDAwMDAwMH0sInNjaGVtYV92ZXJzaW9uIjoiMiJ9",
          "dependencies": [
            "aws_db_subnet_group.rds",
            "aws_security_group.alb",
            "aws_security_group.ecs",
            "aws_security_group.mq",
            "aws_security_group.pgadmin",
            "aws_security_group.rds",
            "aws_ssm_parameter.postgres_password",
            "aws_ssm_parameter.postgres_user",
            "aws_subnet.private_db",
            "aws_vpc.main",
            "data.aws_availability_zones.available"
          ]
        }
      ]
    },
    {
      "mode": "managed",
      "type": "aws_db_subnet_group",
      "name": "rds",
      "provider": "provider[\"registry.terraform.io/hashicorp/aws\"]",
      "instances": [
        {
          "schema_version": 0,
          "attributes": {
            "arn": "arn:aws:rds:ap-south-1:882040517001:subgrp:order-saga-db-subnet-group",
            "description": "Managed by Terraform",
            "id": "order-saga-db-subnet-group",
            "name": "order-saga-db-subnet-group",
            "name_prefix": "",
            "subnet_ids": [
              "subnet-021b040d0fb7abf82",
              "subnet-082a7accf0e277a29"
            ],
            "supported_network_types": [
              "IPV4"
            ],
            "tags": {
              "Name": "order-saga-db-subnet-group"
            },
            "tags_all": {
              "Environment": "POC",
              "ManagedBy": "Terraform",
              "Name": "order-saga-db-subnet-group",
              "Project": "OrderSaga"
            },
            "vpc_id": "vpc-0aed50d856a3ed637"
          },
          "sensitive_attributes": [],
          "identity_schema_version": 0,
          "private": "bnVsbA==",
          "dependencies": [
            "aws_subnet.private_db",
            "aws_vpc.main",
            "data.aws_availability_zones.available"
          ]
        }
      ]
    },
    {
      "mode": "managed",
      "type": "aws_ecr_repository",
      "name": "app",
      "provider": "provider[\"registry.terraform.io/hashicorp/aws\"]",
      "instances": [
        {
          "index_key": "inventory",
          "schema_version": 0,
          "attributes": {
            "arn": "arn:aws:ecr:ap-south-1:882040517001:repository/order-saga-inventory",
            "encryption_configuration": [
              {
                "encryption_type": "AES256",
                "kms_key": ""
              }
            ],
            "force_delete": true,
            "id": "order-saga-inventory",
            "image_scanning_configuration": [
              {
                "scan_on_push": true
              }
            ],
            "image_tag_mutability": "MUTABLE",
            "name": "order-saga-inventory",
            "registry_id": "882040517001",
            "repository_url": "882040517001.dkr.ecr.ap-south-1.amazonaws.com/order-saga-inventory",
            "tags": {
              "Name": "order-saga-inventory-ecr"
            },
            "tags_all": {
              "Environment": "POC",
              "ManagedBy": "Terraform",
              "Name": "order-saga-inventory-ecr",
              "Project": "OrderSaga"
            },
            "timeouts": null
          },
          "sensitive_attributes": [],
          "identity_schema_version": 0,
          "private": "eyJlMmJmYjczMC1lY2FhLTExZTYtOGY4OC0zNDM2M2JjN2M0YzAiOnsiZGVsZXRlIjoxMjAwMDAwMDAwMDAwfX0="
        },
        {
          "index_key": "notification",
          "schema_version": 0,
          "attributes": {
            "arn": "arn:aws:ecr:ap-south-1:882040517001:repository/order-saga-notification",
            "encryption_configuration": [
              {
                "encryption_type": "AES256",
                "kms_key": ""
              }
            ],
            "force_delete": true,
            "id": "order-saga-notification",
            "image_scanning_configuration": [
              {
                "scan_on_push": true
              }
            ],
            "image_tag_mutability": "MUTABLE",
            "name": "order-saga-notification",
            "registry_id": "882040517001",
            "repository_url": "882040517001.dkr.ecr.ap-south-1.amazonaws.com/order-saga-notification",
            "tags": {
              "Name": "order-saga-notification-ecr"
            },
            "tags_all": {
              "Environment": "POC",
              "ManagedBy": "Terraform",
              "Name": "order-saga-notification-ecr",
              "Project": "OrderSaga"
            },
            "timeouts": null
          },
          "sensitive_attributes": [],
          "identity_schema_version": 0,
          "private": "eyJlMmJmYjczMC1lY2FhLTExZTYtOGY4OC0zNDM2M2JjN2M0YzAiOnsiZGVsZXRlIjoxMjAwMDAwMDAwMDAwfX0="
        },
        {
          "index_key": "payment",
          "schema_version": 0,
          "attributes": {
            "arn": "arn:aws:ecr:ap-south-1:882040517001:repository/order-saga-payment",
            "encryption_configuration": [
              {
                "encryption_type": "AES256",
                "kms_key": ""
              }
            ],
            "force_delete": true,
            "id": "order-saga-payment",
            "image_scanning_configuration": [
              {
                "scan_on_push": true
              }
            ],
            "image_tag_mutability": "MUTABLE",
            "name": "order-saga-payment",
            "registry_id": "882040517001",
            "repository_url": "882040517001.dkr.ecr.ap-south-1.amazonaws.com/order-saga-payment",
            "tags": {
              "Name": "order-saga-payment-ecr"
            },
            "tags_all": {
              "Environment": "POC",
              "ManagedBy": "Terraform",
              "Name": "order-saga-payment-ecr",
              "Project": "OrderSaga"
            },
            "timeouts": null
          },
          "sensitive_attributes": [],
          "identity_schema_version": 0,
          "private": "eyJlMmJmYjczMC1lY2FhLTExZTYtOGY4OC0zNDM2M2JjN2M0YzAiOnsiZGVsZXRlIjoxMjAwMDAwMDAwMDAwfX0="
        },
        {
          "index_key": "producer",
          "schema_version": 0,
          "attributes": {
            "arn": "arn:aws:ecr:ap-south-1:882040517001:repository/order-saga-producer",
            "encryption_configuration": [
              {
                "encryption_type": "AES256",
                "kms_key": ""
              }
            ],
            "force_delete": true,
            "id": "order-saga-producer",
            "image_scanning_configuration": [
              {
                "scan_on_push": true
              }
            ],
            "image_tag_mutability": "MUTABLE",
            "name": "order-saga-producer",
            "registry_id": "882040517001",
            "repository_url": "882040517001.dkr.ecr.ap-south-1.amazonaws.com/order-saga-producer",
            "tags": {
              "Name": "order-saga-producer-ecr"
            },
            "tags_all": {
              "Environment": "POC",
              "ManagedBy": "Terraform",
              "Name": "order-saga-producer-ecr",
              "Project": "OrderSaga"
            },
            "timeouts": null
          },
          "sensitive_attributes": [],
          "identity_schema_version": 0,
          "private": "eyJlMmJmYjczMC1lY2FhLTExZTYtOGY4OC0zNDM2M2JjN2M0YzAiOnsiZGVsZXRlIjoxMjAwMDAwMDAwMDAwfX0="
        }
      ]
    },
    {
      "mode": "managed",
      "type": "aws_ecs_cluster",
      "name": "main",
      "provider": "provider[\"registry.terraform.io/hashicorp/aws\"]",
      "instances": [
        {
          "schema_version": 0,
          "attributes": {
            "arn": "arn:aws:ecs:ap-south-1:882040517001:cluster/order-saga-cluster",
            "configuration": [],
            "id": "arn:aws:ecs:ap-south-1:882040517001:cluster/order-saga-cluster",
            "name": "order-saga-cluster",
            "service_connect_defaults": [],
            "setting": [
              {
                "name": "containerInsights",
                "value": "enabled"
              }
            ],
            "tags": {},
            "tags_all": {
              "Environment": "POC",
              "ManagedBy": "Terraform",
              "Project": "OrderSaga"
            }
          },
          "sensitive_attributes": [],
          "identity_schema_version": 0,
          "private": "bnVsbA=="
        }
      ]
    },
    {
      "mode": "managed",
      "type": "aws_ecs_cluster_capacity_providers",
      "name": "main",
      "provider": "provider[\"registry.terraform.io/hashicorp/aws\"]",
      "instances": [
        {
          "schema_version": 0,
          "attributes": {
            "capacity_providers": [
              "FARGATE",
              "FARGATE_SPOT"
            ],
            "cluster_name": "order-saga-cluster",
            "default_capacity_provider_strategy": [
              {
                "base": 1,
                "capacity_provider": "FARGATE",
                "weight": 100
              }
            ],
            "id": "order-saga-cluster"
          },
          "sensitive_attributes": [],
          "identity_schema_version": 0,
          "private": "bnVsbA==",
          "dependencies": [
            "aws_ecs_cluster.main"
          ]
        }
      ]
    },
    {
      "mode": "managed",
      "type": "aws_ecs_task_definition",
      "name": "app",
      "provider": "provider[\"registry.terraform.io/hashicorp/aws\"]",
      "instances": [
        {
          "index_key": "inventory",
          "schema_version": 1,
          "attributes": {
            "arn": "arn:aws:ecs:ap-south-1:882040517001:task-definition/order-saga-inventory:9",
            "arn_without_revision": "arn:aws:ecs:ap-south-1:882040517001:task-definition/order-saga-inventory",
            "container_definitions": "[{\"environment\":[{\"name\":\"DB_HOST\",\"value\":\"order-saga-db.cjog6gkyme94.ap-south-1.rds.amazonaws.com\"},{\"name\":\"DB_NAME\",\"value\":\"order_db\"},{\"name\":\"DB_PORT\",\"value\":\"5432\"},{\"name\":\"MQ_HOST\",\"value\":\"10.0.1.199\"}],\"essential\":true,\"image\":\"882040517001.dkr.ecr.ap-south-1.amazonaws.com/order-saga-inventory:latest\",\"logConfiguration\":{\"logDriver\":\"awslogs\",\"options\":{\"awslogs-group\":\"/ecs/order-saga-inventory\",\"awslogs-region\":\"ap-south-1\",\"awslogs-stream-prefix\":\"ecs\"}},\"mountPoints\":[],\"name\":\"order-saga-inventory\",\"portMappings\":[{\"containerPort\":8081,\"hostPort\":8081,\"protocol\":\"tcp\"}],\"secrets\":[{\"name\":\"DB_PASSWORD\",\"valueFrom\":\"arn:aws:ssm:ap-south-1:882040517001:parameter/order-saga/POSTGRES_PASSWORD\"},{\"name\":\"DB_USERNAME\",\"valueFrom\":\"arn:aws:ssm:ap-south-1:882040517001:parameter/order-saga/POSTGRES_USER\"},{\"name\":\"MQ_PASSWORD\",\"valueFrom\":\"arn:aws:ssm:ap-south-1:882040517001:parameter/order-saga/MQ_PASSWORD\"},{\"name\":\"MQ_USER\",\"valueFrom\":\"arn:aws:ssm:ap-south-1:882040517001:parameter/order-saga/MQ_USER\"}],\"systemControls\":[],\"volumesFrom\":[]}]",
            "cpu": "512",
            "enable_fault_injection": false,
            "ephemeral_storage": [],
            "execution_role_arn": "arn:aws:iam::882040517001:role/order-saga-ecs-execution-role",
            "family": "order-saga-inventory",
            "id": "order-saga-inventory",
            "inference_accelerator": [],
            "ipc_mode": "",
            "memory": "1024",
            "network_mode": "awsvpc",
            "pid_mode": "",
            "placement_constraints": [],
            "proxy_configuration": [],
            "requires_compatibilities": [
              "FARGATE"
            ],
            "revision": 9,
            "runtime_platform": [],
            "skip_destroy": false,
            "tags": null,
            "tags_all": {
              "Environment": "POC",
              "ManagedBy": "Terraform",
              "Project": "OrderSaga"
            },
            "task_role_arn": "arn:aws:iam::882040517001:role/order-saga-ecs-task-role",
            "track_latest": false,
            "volume": []
          },
          "sensitive_attributes": [],
          "identity_schema_version": 0,
          "private": "eyJzY2hlbWFfdmVyc2lvbiI6IjEifQ==",
          "dependencies": [
            "aws_cloudwatch_log_group.ecs",
            "aws_db_instance.rds",
            "aws_db_subnet_group.rds",
            "aws_ecr_repository.app",
            "aws_iam_instance_profile.ec2_mq",
            "aws_iam_role.ec2_mq",
            "aws_iam_role.ecs_execution",
            "aws_iam_role.ecs_task",
            "aws_instance.mq",
            "aws_security_group.alb",
            "aws_security_group.ecs",
            "aws_security_group.mq",
            "aws_security_group.pgadmin",
            "aws_security_group.rds",
            "aws_ssm_parameter.mq_password",
            "aws_ssm_parameter.mq_user",
            "aws_ssm_parameter.postgres_password",
            "aws_ssm_parameter.postgres_user",
            "aws_subnet.private_db",
            "aws_subnet.public",
            "aws_vpc.main",
            "data.aws_ami.amazon_linux_2023",
            "data.aws_availability_zones.available"
          ]
        },
        {
          "index_key": "notification",
          "schema_version": 1,
          "attributes": {
            "arn": "arn:aws:ecs:ap-south-1:882040517001:task-definition/order-saga-notification:9",
            "arn_without_revision": "arn:aws:ecs:ap-south-1:882040517001:task-definition/order-saga-notification",
            "container_definitions": "[{\"environment\":[{\"name\":\"DB_HOST\",\"value\":\"order-saga-db.cjog6gkyme94.ap-south-1.rds.amazonaws.com\"},{\"name\":\"DB_NAME\",\"value\":\"order_db\"},{\"name\":\"DB_PORT\",\"value\":\"5432\"},{\"name\":\"MQ_HOST\",\"value\":\"10.0.1.199\"}],\"essential\":true,\"image\":\"882040517001.dkr.ecr.ap-south-1.amazonaws.com/order-saga-notification:latest\",\"logConfiguration\":{\"logDriver\":\"awslogs\",\"options\":{\"awslogs-group\":\"/ecs/order-saga-notification\",\"awslogs-region\":\"ap-south-1\",\"awslogs-stream-prefix\":\"ecs\"}},\"mountPoints\":[],\"name\":\"order-saga-notification\",\"portMappings\":[{\"containerPort\":8083,\"hostPort\":8083,\"protocol\":\"tcp\"}],\"secrets\":[{\"name\":\"DB_PASSWORD\",\"valueFrom\":\"arn:aws:ssm:ap-south-1:882040517001:parameter/order-saga/POSTGRES_PASSWORD\"},{\"name\":\"DB_USERNAME\",\"valueFrom\":\"arn:aws:ssm:ap-south-1:882040517001:parameter/order-saga/POSTGRES_USER\"},{\"name\":\"MQ_PASSWORD\",\"valueFrom\":\"arn:aws:ssm:ap-south-1:882040517001:parameter/order-saga/MQ_PASSWORD\"},{\"name\":\"MQ_USER\",\"valueFrom\":\"arn:aws:ssm:ap-south-1:882040517001:parameter/order-saga/MQ_USER\"}],\"systemControls\":[],\"volumesFrom\":[]}]",
            "cpu": "256",
            "enable_fault_injection": false,
            "ephemeral_storage": [],
            "execution_role_arn": "arn:aws:iam::882040517001:role/order-saga-ecs-execution-role",
            "family": "order-saga-notification",
            "id": "order-saga-notification",
            "inference_accelerator": [],
            "ipc_mode": "",
            "memory": "512",
            "network_mode": "awsvpc",
            "pid_mode": "",
            "placement_constraints": [],
            "proxy_configuration": [],
            "requires_compatibilities": [
              "FARGATE"
            ],
            "revision": 9,
            "runtime_platform": [],
            "skip_destroy": false,
            "tags": null,
            "tags_all": {
              "Environment": "POC",
              "ManagedBy": "Terraform",
              "Project": "OrderSaga"
            },
            "task_role_arn": "arn:aws:iam::882040517001:role/order-saga-ecs-task-role",
            "track_latest": false,
            "volume": []
          },
          "sensitive_attributes": [],
          "identity_schema_version": 0,
          "private": "eyJzY2hlbWFfdmVyc2lvbiI6IjEifQ==",
          "dependencies": [
            "aws_cloudwatch_log_group.ecs",
            "aws_db_instance.rds",
            "aws_db_subnet_group.rds",
            "aws_ecr_repository.app",
            "aws_iam_instance_profile.ec2_mq",
            "aws_iam_role.ec2_mq",
            "aws_iam_role.ecs_execution",
            "aws_iam_role.ecs_task",
            "aws_instance.mq",
            "aws_security_group.alb",
            "aws_security_group.ecs",
            "aws_security_group.mq",
            "aws_security_group.pgadmin",
            "aws_security_group.rds",
            "aws_ssm_parameter.mq_password",
            "aws_ssm_parameter.mq_user",
            "aws_ssm_parameter.postgres_password",
            "aws_ssm_parameter.postgres_user",
            "aws_subnet.private_db",
            "aws_subnet.public",
            "aws_vpc.main",
            "data.aws_ami.amazon_linux_2023",
            "data.aws_availability_zones.available"
          ]
        },
        {
          "index_key": "payment",
          "schema_version": 1,
          "attributes": {
            "arn": "arn:aws:ecs:ap-south-1:882040517001:task-definition/order-saga-payment:9",
            "arn_without_revision": "arn:aws:ecs:ap-south-1:882040517001:task-definition/order-saga-payment",
            "container_definitions": "[{\"environment\":[{\"name\":\"DB_HOST\",\"value\":\"order-saga-db.cjog6gkyme94.ap-south-1.rds.amazonaws.com\"},{\"name\":\"DB_NAME\",\"value\":\"order_db\"},{\"name\":\"DB_PORT\",\"value\":\"5432\"},{\"name\":\"MQ_HOST\",\"value\":\"10.0.1.199\"}],\"essential\":true,\"image\":\"882040517001.dkr.ecr.ap-south-1.amazonaws.com/order-saga-payment:latest\",\"logConfiguration\":{\"logDriver\":\"awslogs\",\"options\":{\"awslogs-group\":\"/ecs/order-saga-payment\",\"awslogs-region\":\"ap-south-1\",\"awslogs-stream-prefix\":\"ecs\"}},\"mountPoints\":[],\"name\":\"order-saga-payment\",\"portMappings\":[{\"containerPort\":8082,\"hostPort\":8082,\"protocol\":\"tcp\"}],\"secrets\":[{\"name\":\"DB_PASSWORD\",\"valueFrom\":\"arn:aws:ssm:ap-south-1:882040517001:parameter/order-saga/POSTGRES_PASSWORD\"},{\"name\":\"DB_USERNAME\",\"valueFrom\":\"arn:aws:ssm:ap-south-1:882040517001:parameter/order-saga/POSTGRES_USER\"},{\"name\":\"MQ_PASSWORD\",\"valueFrom\":\"arn:aws:ssm:ap-south-1:882040517001:parameter/order-saga/MQ_PASSWORD\"},{\"name\":\"MQ_USER\",\"valueFrom\":\"arn:aws:ssm:ap-south-1:882040517001:parameter/order-saga/MQ_USER\"}],\"systemControls\":[],\"volumesFrom\":[]}]",
            "cpu": "256",
            "enable_fault_injection": false,
            "ephemeral_storage": [],
            "execution_role_arn": "arn:aws:iam::882040517001:role/order-saga-ecs-execution-role",
            "family": "order-saga-payment",
            "id": "order-saga-payment",
            "inference_accelerator": [],
            "ipc_mode": "",
            "memory": "512",
            "network_mode": "awsvpc",
            "pid_mode": "",
            "placement_constraints": [],
            "proxy_configuration": [],
            "requires_compatibilities": [
              "FARGATE"
            ],
            "revision": 9,
            "runtime_platform": [],
            "skip_destroy": false,
            "tags": null,
            "tags_all": {
              "Environment": "POC",
              "ManagedBy": "Terraform",
              "Project": "OrderSaga"
            },
            "task_role_arn": "arn:aws:iam::882040517001:role/order-saga-ecs-task-role",
            "track_latest": false,
            "volume": []
          },
          "sensitive_attributes": [],
          "identity_schema_version": 0,
          "private": "eyJzY2hlbWFfdmVyc2lvbiI6IjEifQ==",
          "dependencies": [
            "aws_cloudwatch_log_group.ecs",
            "aws_db_instance.rds",
            "aws_db_subnet_group.rds",
            "aws_ecr_repository.app",
            "aws_iam_instance_profile.ec2_mq",
            "aws_iam_role.ec2_mq",
            "aws_iam_role.ecs_execution",
            "aws_iam_role.ecs_task",
            "aws_instance.mq",
            "aws_security_group.alb",
            "aws_security_group.ecs",
            "aws_security_group.mq",
            "aws_security_group.pgadmin",
            "aws_security_group.rds",
            "aws_ssm_parameter.mq_password",
            "aws_ssm_parameter.mq_user",
            "aws_ssm_parameter.postgres_password",
            "aws_ssm_parameter.postgres_user",
            "aws_subnet.private_db",
            "aws_subnet.public",
            "aws_vpc.main",
            "data.aws_ami.amazon_linux_2023",
            "data.aws_availability_zones.available"
          ]
        },
        {
          "index_key": "producer",
          "schema_version": 1,
          "attributes": {
            "arn": "arn:aws:ecs:ap-south-1:882040517001:task-definition/order-saga-producer:8",
            "arn_without_revision": "arn:aws:ecs:ap-south-1:882040517001:task-definition/order-saga-producer",
            "container_definitions": "[{\"environment\":[{\"name\":\"DB_HOST\",\"value\":\"order-saga-db.cjog6gkyme94.ap-south-1.rds.amazonaws.com\"},{\"name\":\"DB_NAME\",\"value\":\"order_db\"},{\"name\":\"DB_PORT\",\"value\":\"5432\"},{\"name\":\"MQ_HOST\",\"value\":\"10.0.1.199\"}],\"essential\":true,\"image\":\"882040517001.dkr.ecr.ap-south-1.amazonaws.com/order-saga-producer:latest\",\"logConfiguration\":{\"logDriver\":\"awslogs\",\"options\":{\"awslogs-group\":\"/ecs/order-saga-producer\",\"awslogs-region\":\"ap-south-1\",\"awslogs-stream-prefix\":\"ecs\"}},\"mountPoints\":[],\"name\":\"order-saga-producer\",\"portMappings\":[{\"containerPort\":8080,\"hostPort\":8080,\"protocol\":\"tcp\"}],\"secrets\":[{\"name\":\"DB_PASSWORD\",\"valueFrom\":\"arn:aws:ssm:ap-south-1:882040517001:parameter/order-saga/POSTGRES_PASSWORD\"},{\"name\":\"DB_USERNAME\",\"valueFrom\":\"arn:aws:ssm:ap-south-1:882040517001:parameter/order-saga/POSTGRES_USER\"},{\"name\":\"MQ_PASSWORD\",\"valueFrom\":\"arn:aws:ssm:ap-south-1:882040517001:parameter/order-saga/MQ_PASSWORD\"},{\"name\":\"MQ_USER\",\"valueFrom\":\"arn:aws:ssm:ap-south-1:882040517001:parameter/order-saga/MQ_USER\"}],\"systemControls\":[],\"volumesFrom\":[]}]",
            "cpu": "512",
            "enable_fault_injection": false,
            "ephemeral_storage": [],
            "execution_role_arn": "arn:aws:iam::882040517001:role/order-saga-ecs-execution-role",
            "family": "order-saga-producer",
            "id": "order-saga-producer",
            "inference_accelerator": [],
            "ipc_mode": "",
            "memory": "1024",
            "network_mode": "awsvpc",
            "pid_mode": "",
            "placement_constraints": [],
            "proxy_configuration": [],
            "requires_compatibilities": [
              "FARGATE"
            ],
            "revision": 8,
            "runtime_platform": [],
            "skip_destroy": false,
            "tags": null,
            "tags_all": {
              "Environment": "POC",
              "ManagedBy": "Terraform",
              "Project": "OrderSaga"
            },
            "task_role_arn": "arn:aws:iam::882040517001:role/order-saga-ecs-task-role",
            "track_latest": false,
            "volume": []
          },
          "sensitive_attributes": [],
          "identity_schema_version": 0,
          "private": "eyJzY2hlbWFfdmVyc2lvbiI6IjEifQ==",
          "dependencies": [
            "aws_cloudwatch_log_group.ecs",
            "aws_db_instance.rds",
            "aws_db_subnet_group.rds",
            "aws_ecr_repository.app",
            "aws_iam_instance_profile.ec2_mq",
            "aws_iam_role.ec2_mq",
            "aws_iam_role.ecs_execution",
            "aws_iam_role.ecs_task",
            "aws_instance.mq",
            "aws_security_group.alb",
            "aws_security_group.ecs",
            "aws_security_group.mq",
            "aws_security_group.pgadmin",
            "aws_security_group.rds",
            "aws_ssm_parameter.mq_password",
            "aws_ssm_parameter.mq_user",
            "aws_ssm_parameter.postgres_password",
            "aws_ssm_parameter.postgres_user",
            "aws_subnet.private_db",
            "aws_subnet.public",
            "aws_vpc.main",
            "data.aws_ami.amazon_linux_2023",
            "data.aws_availability_zones.available"
          ]
        }
      ]
    },
    {
      "mode": "managed",
      "type": "aws_iam_instance_profile",
      "name": "ec2_mq",
      "provider": "provider[\"registry.terraform.io/hashicorp/aws\"]",
      "instances": [
        {
          "schema_version": 0,
          "attributes": {
            "arn": "arn:aws:iam::882040517001:instance-profile/order-saga-ec2-mq-profile",
            "create_date": "2026-09-09T09:45:22Z",
            "id": "order-saga-ec2-mq-profile",
            "name": "order-saga-ec2-mq-profile",
            "name_prefix": "",
            "path": "/",
            "role": "order-saga-ec2-mq-role",
            "tags": null,
            "tags_all": {
              "Environment": "POC",
              "ManagedBy": "Terraform",
              "Project": "OrderSaga"
            },
            "unique_id": "AIPA42XNWGGEXBKB6FYZW"
          },
          "sensitive_attributes": [],
          "identity_schema_version": 0,
          "private": "bnVsbA==",
          "dependencies": [
            "aws_iam_role.ec2_mq"
          ]
        }
      ]
    },
    {
      "mode": "managed",
      "type": "aws_iam_role",
      "name": "ec2_mq",
      "provider": "provider[\"registry.terraform.io/hashicorp/aws\"]",
      "instances": [
        {
          "schema_version": 0,
          "attributes": {
            "arn": "arn:aws:iam::882040517001:role/order-saga-ec2-mq-role",
            "assume_role_policy": "{\"Statement\":[{\"Action\":\"sts:AssumeRole\",\"Effect\":\"Allow\",\"Principal\":{\"Service\":\"ec2.amazonaws.com\"}}],\"Version\":\"2012-10-17\"}",
            "create_date": "2026-09-09T09:45:20Z",
            "description": "",
            "force_detach_policies": false,
            "id": "order-saga-ec2-mq-role",
            "inline_policy": [],
            "managed_policy_arns": [],
            "max_session_duration": 3600,
            "name": "order-saga-ec2-mq-role",
            "name_prefix": "",
            "path": "/",
            "permissions_boundary": "",
            "tags": null,
            "tags_all": {
              "Environment": "POC",
              "ManagedBy": "Terraform",
              "Project": "OrderSaga"
            },
            "unique_id": "AROA42XNWGGE6HDVC3EBO"
          },
          "sensitive_attributes": [],
          "identity_schema_version": 0,
          "private": "bnVsbA=="
        }
      ]
    },
    {
      "mode": "managed",
      "type": "aws_iam_role",
      "name": "ecs_execution",
      "provider": "provider[\"registry.terraform.io/hashicorp/aws\"]",
      "instances": [
        {
          "schema_version": 0,
          "attributes": {
            "arn": "arn:aws:iam::882040517001:role/order-saga-ecs-execution-role",
            "assume_role_policy": "{\"Statement\":[{\"Action\":\"sts:AssumeRole\",\"Effect\":\"Allow\",\"Principal\":{\"Service\":\"ecs-tasks.amazonaws.com\"}}],\"Version\":\"2012-10-17\"}",
            "create_date": "2026-09-09T09:43:54Z",
            "description": "",
            "force_detach_policies": false,
            "id": "order-saga-ecs-execution-role",
            "inline_policy": [],
            "managed_policy_arns": [],
            "max_session_duration": 3600,
            "name": "order-saga-ecs-execution-role",
            "name_prefix": "",
            "path": "/",
            "permissions_boundary": "",
            "tags": null,
            "tags_all": {
              "Environment": "POC",
              "ManagedBy": "Terraform",
              "Project": "OrderSaga"
            },
            "unique_id": "AROA42XNWGGEW5V5H2N5W"
          },
          "sensitive_attributes": [],
          "identity_schema_version": 0,
          "private": "bnVsbA=="
        }
      ]
    },
    {
      "mode": "managed",
      "type": "aws_iam_role",
      "name": "ecs_task",
      "provider": "provider[\"registry.terraform.io/hashicorp/aws\"]",
      "instances": [
        {
          "schema_version": 0,
          "attributes": {
            "arn": "arn:aws:iam::882040517001:role/order-saga-ecs-task-role",
            "assume_role_policy": "{\"Statement\":[{\"Action\":\"sts:AssumeRole\",\"Effect\":\"Allow\",\"Principal\":{\"Service\":\"ecs-tasks.amazonaws.com\"}}],\"Version\":\"2012-10-17\"}",
            "create_date": "2026-09-09T09:43:54Z",
            "description": "",
            "force_detach_policies": false,
            "id": "order-saga-ecs-task-role",
            "inline_policy": [],
            "managed_policy_arns": [],
            "max_session_duration": 3600,
            "name": "order-saga-ecs-task-role",
            "name_prefix": "",
            "path": "/",
            "permissions_boundary": "",
            "tags": null,
            "tags_all": {
              "Environment": "POC",
              "ManagedBy": "Terraform",
              "Project": "OrderSaga"
            },
            "unique_id": "AROA42XNWGGE3TO4KBXFI"
          },
          "sensitive_attributes": [],
          "identity_schema_version": 0,
          "private": "bnVsbA=="
        }
      ]
    },
    {
      "mode": "managed",
      "type": "aws_iam_role_policy",
      "name": "ecs_execution_ssm",
      "provider": "provider[\"registry.terraform.io/hashicorp/aws\"]",
      "instances": [
        {
          "schema_version": 0,
          "attributes": {
            "id": "order-saga-ecs-execution-role:order-saga-ecs-execution-ssm-policy",
            "name": "order-saga-ecs-execution-ssm-policy",
            "name_prefix": "",
            "policy": "{\"Version\":\"2012-10-17\",\"Statement\":[{\"Action\":[\"ssm:GetParameters\",\"ssm:GetParameter\"],\"Effect\":\"Allow\",\"Resource\":\"arn:aws:ssm:ap-south-1:882040517001:parameter/order-saga/*\"},{\"Action\":\"kms:Decrypt\",\"Effect\":\"Allow\",\"Resource\":\"*\"}]}",
            "role": "order-saga-ecs-execution-role"
          },
          "sensitive_attributes": [],
          "identity_schema_version": 0,
          "private": "bnVsbA==",
          "dependencies": [
            "aws_iam_role.ecs_execution",
            "data.aws_caller_identity.current"
          ]
        }
      ]
    },
    {
      "mode": "managed",
      "type": "aws_iam_role_policy",
      "name": "ecs_task_policy",
      "provider": "provider[\"registry.terraform.io/hashicorp/aws\"]",
      "instances": [
        {
          "schema_version": 0,
          "attributes": {
            "id": "order-saga-ecs-task-role:order-saga-ecs-task-policy",
            "name": "order-saga-ecs-task-policy",
            "name_prefix": "",
            "policy": "{\"Version\":\"2012-10-17\",\"Statement\":[{\"Action\":[\"logs:PutLogEvents\",\"cloudwatch:PutMetricData\",\"xray:PutTraceSegments\",\"xray:PutTelemetryRecords\"],\"Effect\":\"Allow\",\"Resource\":\"*\"}]}",
            "role": "order-saga-ecs-task-role"
          },
          "sensitive_attributes": [],
          "identity_schema_version": 0,
          "private": "bnVsbA==",
          "dependencies": [
            "aws_iam_role.ecs_task"
          ]
        }
      ]
    },
    {
      "mode": "managed",
      "type": "aws_iam_role_policy_attachment",
      "name": "ec2_mq_cw",
      "provider": "provider[\"registry.terraform.io/hashicorp/aws\"]",
      "instances": [
        {
          "schema_version": 0,
          "attributes": {
            "id": "order-saga-ec2-mq-role-20260909094521908300000003",
            "policy_arn": "arn:aws:iam::aws:policy/CloudWatchAgentServerPolicy",
            "role": "order-saga-ec2-mq-role"
          },
          "sensitive_attributes": [],
          "identity_schema_version": 0,
          "private": "bnVsbA==",
          "dependencies": [
            "aws_iam_role.ec2_mq"
          ]
        }
      ]
    },
    {
      "mode": "managed",
      "type": "aws_iam_role_policy_attachment",
      "name": "ec2_mq_ssm",
      "provider": "provider[\"registry.terraform.io/hashicorp/aws\"]",
      "instances": [
        {
          "schema_version": 0,
          "attributes": {
            "id": "order-saga-ec2-mq-role-20260909094521605500000002",
            "policy_arn": "arn:aws:iam::aws:policy/AmazonSSMManagedInstanceCore",
            "role": "order-saga-ec2-mq-role"
          },
          "sensitive_attributes": [],
          "identity_schema_version": 0,
          "private": "bnVsbA==",
          "dependencies": [
            "aws_iam_role.ec2_mq"
          ]
        }
      ]
    },
    {
      "mode": "managed",
      "type": "aws_iam_role_policy_attachment",
      "name": "ecs_execution_base",
      "provider": "provider[\"registry.terraform.io/hashicorp/aws\"]",
      "instances": [
        {
          "schema_version": 0,
          "attributes": {
            "id": "order-saga-ecs-execution-role-20260909094355997300000001",
            "policy_arn": "arn:aws:iam::aws:policy/service-role/AmazonECSTaskExecutionRolePolicy",
            "role": "order-saga-ecs-execution-role"
          },
          "sensitive_attributes": [],
          "identity_schema_version": 0,
          "private": "bnVsbA==",
          "dependencies": [
            "aws_iam_role.ecs_execution"
          ]
        }
      ]
    },
    {
      "mode": "managed",
      "type": "aws_instance",
      "name": "mq",
      "provider": "provider[\"registry.terraform.io/hashicorp/aws\"]",
      "instances": [
        {
          "schema_version": 1,
          "attributes": {
            "ami": "ami-094210f044117049d",
            "arn": "arn:aws:ec2:ap-south-1:882040517001:instance/i-074990a69dc2b47b0",
            "associate_public_ip_address": true,
            "availability_zone": "ap-south-1a",
            "capacity_reservation_specification": [
              {
                "capacity_reservation_preference": "open",
                "capacity_reservation_target": []
              }
            ],
            "cpu_core_count": 1,
            "cpu_options": [
              {
                "amd_sev_snp": "",
                "core_count": 1,
                "threads_per_core": 2
              }
            ],
            "cpu_threads_per_core": 2,
            "credit_specification": [
              {
                "cpu_credits": "unlimited"
              }
            ],
            "disable_api_stop": false,
            "disable_api_termination": false,
            "ebs_block_device": [
              {
                "delete_on_termination": true,
                "device_name": "/dev/xvdb",
                "encrypted": true,
                "iops": 3000,
                "kms_key_id": "arn:aws:kms:ap-south-1:882040517001:key/958ce1af-f2f8-4df4-9760-863ede0e84f7",
                "snapshot_id": "",
                "tags": {},
                "tags_all": {
                  "Environment": "POC",
                  "ManagedBy": "Terraform",
                  "Project": "OrderSaga"
                },
                "throughput": 125,
                "volume_id": "vol-0040529c75cfcdadc",
                "volume_size": 10,
                "volume_type": "gp3"
              }
            ],
            "ebs_optimized": false,
            "enable_primary_ipv6": null,
            "enclave_options": [
              {
                "enabled": false
              }
            ],
            "ephemeral_block_device": [],
            "get_password_data": false,
            "hibernation": false,
            "host_id": "",
            "host_resource_group_arn": null,
            "iam_instance_profile": "order-saga-ec2-mq-profile",
            "id": "i-074990a69dc2b47b0",
            "instance_initiated_shutdown_behavior": "stop",
            "instance_lifecycle": "",
            "instance_market_options": [],
            "instance_state": "running",
            "instance_type": "t3.micro",
            "ipv6_address_count": 0,
            "ipv6_addresses": [],
            "key_name": "pro",
            "launch_template": [],
            "maintenance_options": [
              {
                "auto_recovery": "default"
              }
            ],
            "metadata_options": [
              {
                "http_endpoint": "enabled",
                "http_protocol_ipv6": "disabled",
                "http_put_response_hop_limit": 2,
                "http_tokens": "required",
                "instance_metadata_tags": "disabled"
              }
            ],
            "monitoring": false,
            "network_interface": [],
            "outpost_arn": "",
            "password_data": "",
            "placement_group": "",
            "placement_partition_number": 0,
            "primary_network_interface_id": "eni-00f0398ab3b9bf8fa",
            "private_dns": "ip-10-0-1-199.ap-south-1.compute.internal",
            "private_dns_name_options": [
              {
                "enable_resource_name_dns_a_record": false,
                "enable_resource_name_dns_aaaa_record": false,
                "hostname_type": "ip-name"
              }
            ],
            "private_ip": "10.0.1.199",
            "public_dns": "ec2-43-205-213-249.ap-south-1.compute.amazonaws.com",
            "public_ip": "43.205.213.249",
            "root_block_device": [
              {
                "delete_on_termination": true,
                "device_name": "/dev/xvda",
                "encrypted": true,
                "iops": 3000,
                "kms_key_id": "arn:aws:kms:ap-south-1:882040517001:key/958ce1af-f2f8-4df4-9760-863ede0e84f7",
                "tags": null,
                "tags_all": {
                  "Environment": "POC",
                  "ManagedBy": "Terraform",
                  "Project": "OrderSaga"
                },
                "throughput": 125,
                "volume_id": "vol-09f5941bd333198b3",
                "volume_size": 20,
                "volume_type": "gp3"
              }
            ],
            "secondary_private_ips": [],
            "security_groups": [],
            "source_dest_check": true,
            "spot_instance_request_id": "",
            "subnet_id": "subnet-0204263fec5e9cf2a",
            "tags": {
              "Name": "order-saga-mq"
            },
            "tags_all": {
              "Environment": "POC",
              "ManagedBy": "Terraform",
              "Name": "order-saga-mq",
              "Project": "OrderSaga"
            },
            "tenancy": "default",
            "timeouts": null,
            "user_data": "1cbe984a631eae88cf0c39d4e580a03b0f0331b4",
            "user_data_base64": null,
            "user_data_replace_on_change": false,
            "volume_tags": null,
            "vpc_security_group_ids": [
              "sg-0588af04f695e04b4"
            ]
          },
          "sensitive_attributes": [],
          "identity_schema_version": 0,
          "private": "eyJlMmJmYjczMC1lY2FhLTExZTYtOGY4OC0zNDM2M2JjN2M0YzAiOnsiY3JlYXRlIjo2MDAwMDAwMDAwMDAsImRlbGV0ZSI6MTIwMDAwMDAwMDAwMCwicmVhZCI6OTAwMDAwMDAwMDAwLCJ1cGRhdGUiOjYwMDAwMDAwMDAwMH0sInNjaGVtYV92ZXJzaW9uIjoiMSJ9",
          "dependencies": [
            "aws_iam_instance_profile.ec2_mq",
            "aws_iam_role.ec2_mq",
            "aws_security_group.alb",
            "aws_security_group.ecs",
            "aws_security_group.mq",
            "aws_subnet.public",
            "aws_vpc.main",
            "data.aws_ami.amazon_linux_2023",
            "data.aws_availability_zones.available"
          ]
        }
      ]
    },
    {
      "mode": "managed",
      "type": "aws_instance",
      "name": "pgadmin",
      "provider": "provider[\"registry.terraform.io/hashicorp/aws\"]",
      "instances": [
        {
          "schema_version": 1,
          "attributes": {
            "ami": "ami-094210f044117049d",
            "arn": "arn:aws:ec2:ap-south-1:882040517001:instance/i-0b5194e8694c1e157",
            "associate_public_ip_address": true,
            "availability_zone": "ap-south-1a",
            "capacity_reservation_specification": [
              {
                "capacity_reservation_preference": "open",
                "capacity_reservation_target": []
              }
            ],
            "cpu_core_count": 1,
            "cpu_options": [
              {
                "amd_sev_snp": "",
                "core_count": 1,
                "threads_per_core": 2
              }
            ],
            "cpu_threads_per_core": 2,
            "credit_specification": [
              {
                "cpu_credits": "unlimited"
              }
            ],
            "disable_api_stop": false,
            "disable_api_termination": false,
            "ebs_block_device": [],
            "ebs_optimized": false,
            "enable_primary_ipv6": null,
            "enclave_options": [
              {
                "enabled": false
              }
            ],
            "ephemeral_block_device": [],
            "get_password_data": false,
            "hibernation": false,
            "host_id": "",
            "host_resource_group_arn": null,
            "iam_instance_profile": "order-saga-ec2-mq-profile",
            "id": "i-0b5194e8694c1e157",
            "instance_initiated_shutdown_behavior": "stop",
            "instance_lifecycle": "",
            "instance_market_options": [],
            "instance_state": "running",
            "instance_type": "t3.micro",
            "ipv6_address_count": 0,
            "ipv6_addresses": [],
            "key_name": "",
            "launch_template": [],
            "maintenance_options": [
              {
                "auto_recovery": "default"
              }
            ],
            "metadata_options": [
              {
                "http_endpoint": "enabled",
                "http_protocol_ipv6": "disabled",
                "http_put_response_hop_limit": 2,
                "http_tokens": "required",
                "instance_metadata_tags": "disabled"
              }
            ],
            "monitoring": false,
            "network_interface": [],
            "outpost_arn": "",
            "password_data": "",
            "placement_group": "",
            "placement_partition_number": 0,
            "primary_network_interface_id": "eni-0e14d1235b1e79221",
            "private_dns": "ip-10-0-1-71.ap-south-1.compute.internal",
            "private_dns_name_options": [
              {
                "enable_resource_name_dns_a_record": false,
                "enable_resource_name_dns_aaaa_record": false,
                "hostname_type": "ip-name"
              }
            ],
            "private_ip": "10.0.1.71",
            "public_dns": "ec2-65-1-109-158.ap-south-1.compute.amazonaws.com",
            "public_ip": "65.1.109.158",
            "root_block_device": [
              {
                "delete_on_termination": true,
                "device_name": "/dev/xvda",
                "encrypted": true,
                "iops": 3000,
                "kms_key_id": "arn:aws:kms:ap-south-1:882040517001:key/958ce1af-f2f8-4df4-9760-863ede0e84f7",
                "tags": null,
                "tags_all": {
                  "Environment": "POC",
                  "ManagedBy": "Terraform",
                  "Project": "OrderSaga"
                },
                "throughput": 125,
                "volume_id": "vol-067f7d8d9eb0ca1fe",
                "volume_size": 8,
                "volume_type": "gp3"
              }
            ],
            "secondary_private_ips": [],
            "security_groups": [],
            "source_dest_check": true,
            "spot_instance_request_id": "",
            "subnet_id": "subnet-0204263fec5e9cf2a",
            "tags": {
              "Name": "order-saga-pgadmin"
            },
            "tags_all": {
              "Environment": "POC",
              "ManagedBy": "Terraform",
              "Name": "order-saga-pgadmin",
              "Project": "OrderSaga"
            },
            "tenancy": "default",
            "timeouts": null,
            "user_data": "e212211c8920a0b021159856a7990d38f3e2ac1d",
            "user_data_base64": null,
            "user_data_replace_on_change": false,
            "volume_tags": null,
            "vpc_security_group_ids": [
              "sg-0fb6ecbfc9db6fde3"
            ]
          },
          "sensitive_attributes": [],
          "identity_schema_version": 0,
          "private": "eyJlMmJmYjczMC1lY2FhLTExZTYtOGY4OC0zNDM2M2JjN2M0YzAiOnsiY3JlYXRlIjo2MDAwMDAwMDAwMDAsImRlbGV0ZSI6MTIwMDAwMDAwMDAwMCwicmVhZCI6OTAwMDAwMDAwMDAwLCJ1cGRhdGUiOjYwMDAwMDAwMDAwMH0sInNjaGVtYV92ZXJzaW9uIjoiMSJ9",
          "dependencies": [
            "aws_db_instance.rds",
            "aws_db_subnet_group.rds",
            "aws_iam_instance_profile.ec2_mq",
            "aws_iam_role.ec2_mq",
            "aws_security_group.alb",
            "aws_security_group.ecs",
            "aws_security_group.mq",
            "aws_security_group.pgadmin",
            "aws_security_group.rds",
            "aws_ssm_parameter.postgres_password",
            "aws_ssm_parameter.postgres_user",
            "aws_subnet.private_db",
            "aws_subnet.public",
            "aws_vpc.main",
            "data.aws_ami.amazon_linux_2023",
            "data.aws_availability_zones.available"
          ]
        }
      ]
    },
    {
      "mode": "managed",
      "type": "aws_internet_gateway",
      "name": "igw",
      "provider": "provider[\"registry.terraform.io/hashicorp/aws\"]",
      "instances": [
        {
          "schema_version": 0,
          "attributes": {
            "arn": "arn:aws:ec2:ap-south-1:882040517001:internet-gateway/igw-054582e9c148d5b01",
            "id": "igw-054582e9c148d5b01",
            "owner_id": "882040517001",
            "tags": {
              "Name": "order-saga-igw"
            },
            "tags_all": {
              "Environment": "POC",
              "ManagedBy": "Terraform",
              "Name": "order-saga-igw",
              "Project": "OrderSaga"
            },
            "timeouts": null,
            "vpc_id": "vpc-0aed50d856a3ed637"
          },
          "sensitive_attributes": [],
          "identity_schema_version": 0,
          "private": "eyJlMmJmYjczMC1lY2FhLTExZTYtOGY4OC0zNDM2M2JjN2M0YzAiOnsiY3JlYXRlIjoxMjAwMDAwMDAwMDAwLCJkZWxldGUiOjEyMDAwMDAwMDAwMDAsInVwZGF0ZSI6MTIwMDAwMDAwMDAwMH19",
          "dependencies": [
            "aws_vpc.main"
          ]
        }
      ]
    },
    {
      "mode": "managed",
      "type": "aws_lb",
      "name": "main",
      "provider": "provider[\"registry.terraform.io/hashicorp/aws\"]",
      "instances": [
        {
          "schema_version": 0,
          "attributes": {
            "access_logs": [
              {
                "bucket": "",
                "enabled": false,
                "prefix": ""
              }
            ],
            "arn": "arn:aws:elasticloadbalancing:ap-south-1:882040517001:loadbalancer/app/order-saga-alb/14878cb1879b01bd",
            "arn_suffix": "app/order-saga-alb/14878cb1879b01bd",
            "client_keep_alive": 3600,
            "connection_logs": [
              {
                "bucket": "",
                "enabled": false,
                "prefix": ""
              }
            ],
            "customer_owned_ipv4_pool": "",
            "desync_mitigation_mode": "defensive",
            "dns_name": "order-saga-alb-1027221969.ap-south-1.elb.amazonaws.com",
            "dns_record_client_routing_policy": null,
            "drop_invalid_header_fields": false,
            "enable_cross_zone_load_balancing": true,
            "enable_deletion_protection": false,
            "enable_http2": true,
            "enable_tls_version_and_cipher_suite_headers": false,
            "enable_waf_fail_open": false,
            "enable_xff_client_port": false,
            "enable_zonal_shift": false,
            "enforce_security_group_inbound_rules_on_private_link_traffic": "",
            "id": "arn:aws:elasticloadbalancing:ap-south-1:882040517001:loadbalancer/app/order-saga-alb/14878cb1879b01bd",
            "idle_timeout": 60,
            "internal": false,
            "ip_address_type": "ipv4",
            "ipam_pools": [],
            "load_balancer_type": "application",
            "minimum_load_balancer_capacity": [],
            "name": "order-saga-alb",
            "name_prefix": "",
            "preserve_host_header": false,
            "security_groups": [
              "sg-02c192be7940515de"
            ],
            "subnet_mapping": [
              {
                "allocation_id": "",
                "ipv6_address": "",
                "outpost_id": "",
                "private_ipv4_address": "",
                "subnet_id": "subnet-002b9432f8ee2e3af"
              },
              {
                "allocation_id": "",
                "ipv6_address": "",
                "outpost_id": "",
                "private_ipv4_address": "",
                "subnet_id": "subnet-0b3a9801e0f933454"
              }
            ],
            "subnets": [
              "subnet-006557114fe375ed5",
              "subnet-0204263fec5e9cf2a"
            ],
            "tags": {
              "Name": "order-saga-alb"
            },
            "tags_all": {
              "Environment": "POC",
              "ManagedBy": "Terraform",
              "Name": "order-saga-alb",
              "Project": "OrderSaga"
            },
            "timeouts": null,
            "vpc_id": "vpc-0aed50d856a3ed637",
            "xff_header_processing_mode": "append",
            "zone_id": "ZP97RAFLXTNZK"
          },
          "sensitive_attributes": [],
          "identity_schema_version": 0,
          "private": "eyJlMmJmYjczMC1lY2FhLTExZTYtOGY4OC0zNDM2M2JjN2M0YzAiOnsiY3JlYXRlIjo2MDAwMDAwMDAwMDAsImRlbGV0ZSI6NjAwMDAwMDAwMDAwLCJ1cGRhdGUiOjYwMDAwMDAwMDAwMH19",
          "dependencies": [
            "aws_security_group.alb",
            "aws_subnet.public",
            "aws_vpc.main",
            "data.aws_availability_zones.available"
          ]
        }
      ]
    },
    {
      "mode": "managed",
      "type": "aws_lb_listener",
      "name": "http",
      "provider": "provider[\"registry.terraform.io/hashicorp/aws\"]",
      "instances": [
        {
          "schema_version": 0,
          "attributes": {
            "alpn_policy": null,
            "arn": "arn:aws:elasticloadbalancing:ap-south-1:882040517001:listener/app/order-saga-alb/14878cb1879b01bd/30b275f705360171",
            "certificate_arn": null,
            "default_action": [
              {
                "authenticate_cognito": [],
                "authenticate_oidc": [],
                "fixed_response": [
                  {
                    "content_type": "text/plain",
                    "message_body": "OK",
                    "status_code": "200"
                  }
                ],
                "forward": [],
                "order": 1,
                "redirect": [],
                "target_group_arn": "",
                "type": "fixed-response"
              }
            ],
            "id": "arn:aws:elasticloadbalancing:ap-south-1:882040517001:listener/app/order-saga-alb/14878cb1879b01bd/30b275f705360171",
            "load_balancer_arn": "arn:aws:elasticloadbalancing:ap-south-1:882040517001:loadbalancer/app/order-saga-alb/14878cb1879b01bd",
            "mutual_authentication": [],
            "port": 80,
            "protocol": "HTTP",
            "routing_http_request_x_amzn_mtls_clientcert_header_name": null,
            "routing_http_request_x_amzn_mtls_clientcert_issuer_header_name": null,
            "routing_http_request_x_amzn_mtls_clientcert_leaf_header_name": null,
            "routing_http_request_x_amzn_mtls_clientcert_serial_number_header_name": null,
            "routing_http_request_x_amzn_mtls_clientcert_subject_header_name": null,
            "routing_http_request_x_amzn_mtls_clientcert_validity_header_name": null,
            "routing_http_request_x_amzn_tls_cipher_suite_header_name": null,
            "routing_http_request_x_amzn_tls_version_header_name": null,
            "routing_http_response_access_control_allow_credentials_header_value": "",
            "routing_http_response_access_control_allow_headers_header_value": "",
            "routing_http_response_access_control_allow_methods_header_value": "",
            "routing_http_response_access_control_allow_origin_header_value": "",
            "routing_http_response_access_control_expose_headers_header_value": "",
            "routing_http_response_access_control_max_age_header_value": "",
            "routing_http_response_content_security_policy_header_value": "",
            "routing_http_response_server_enabled": true,
            "routing_http_response_strict_transport_security_header_value": "",
            "routing_http_response_x_content_type_options_header_value": "",
            "routing_http_response_x_frame_options_header_value": "",
            "ssl_policy": "",
            "tags": {
              "ManagedBy": "terraform",
              "Project": "order-saga"
            },
            "tags_all": {
              "ManagedBy": "terraform",
              "Project": "order-saga"
            },
            "tcp_idle_timeout_seconds": null,
            "timeouts": null
          },
          "sensitive_attributes": [],
          "identity_schema_version": 0,
          "private": "eyJlMmJmYjczMC1lY2FhLTExZTYtOGY4OC0zNDM2M2JjN2M0YzAiOnsiY3JlYXRlIjozMDAwMDAwMDAwMDAsInVwZGF0ZSI6MzAwMDAwMDAwMDAwfX0=",
          "dependencies": [
            "aws_lb.main",
            "aws_security_group.alb",
            "aws_subnet.public",
            "aws_vpc.main",
            "data.aws_availability_zones.available"
          ]
        }
      ]
    },
    {
      "mode": "managed",
      "type": "aws_lb_target_group",
      "name": "ecs",
      "provider": "provider[\"registry.terraform.io/hashicorp/aws\"]",
      "instances": [
        {
          "index_key": "inventory",
          "schema_version": 0,
          "attributes": {
            "arn": "arn:aws:elasticloadbalancing:ap-south-1:882040517001:targetgroup/tg-inventory/f2b53143197bab08",
            "arn_suffix": "targetgroup/tg-inventory/f2b53143197bab08",
            "connection_termination": null,
            "deregistration_delay": "300",
            "health_check": [
              {
                "enabled": true,
                "healthy_threshold": 2,
                "interval": 15,
                "matcher": "200",
                "path": "/api/inventory/health",
                "port": "traffic-port",
                "protocol": "HTTP",
                "timeout": 5,
                "unhealthy_threshold": 3
              }
            ],
            "id": "arn:aws:elasticloadbalancing:ap-south-1:882040517001:targetgroup/tg-inventory/f2b53143197bab08",
            "ip_address_type": "ipv4",
            "lambda_multi_value_headers_enabled": false,
            "load_balancer_arns": [],
            "load_balancing_algorithm_type": "round_robin",
            "load_balancing_anomaly_mitigation": "off",
            "load_balancing_cross_zone_enabled": "use_load_balancer_configuration",
            "name": "tg-inventory",
            "name_prefix": "",
            "port": 8081,
            "preserve_client_ip": null,
            "protocol": "HTTP",
            "protocol_version": "HTTP1",
            "proxy_protocol_v2": false,
            "slow_start": 0,
            "stickiness": [
              {
                "cookie_duration": 86400,
                "cookie_name": "",
                "enabled": false,
                "type": "lb_cookie"
              }
            ],
            "tags": null,
            "tags_all": {
              "Environment": "POC",
              "ManagedBy": "Terraform",
              "Project": "OrderSaga"
            },
            "target_failover": [
              {
                "on_deregistration": null,
                "on_unhealthy": null
              }
            ],
            "target_group_health": [
              {
                "dns_failover": [
                  {
                    "minimum_healthy_targets_count": "1",
                    "minimum_healthy_targets_percentage": "off"
                  }
                ],
                "unhealthy_state_routing": [
                  {
                    "minimum_healthy_targets_count": 1,
                    "minimum_healthy_targets_percentage": "off"
                  }
                ]
              }
            ],
            "target_health_state": [
              {
                "enable_unhealthy_connection_termination": null,
                "unhealthy_draining_interval": null
              }
            ],
            "target_type": "ip",
            "vpc_id": "vpc-0aed50d856a3ed637"
          },
          "sensitive_attributes": [],
          "identity_schema_version": 0,
          "private": "bnVsbA==",
          "dependencies": [
            "aws_vpc.main"
          ]
        },
        {
          "index_key": "notification",
          "schema_version": 0,
          "attributes": {
            "arn": "arn:aws:elasticloadbalancing:ap-south-1:882040517001:targetgroup/tg-notification/ca5aca56c6cbbf40",
            "arn_suffix": "targetgroup/tg-notification/ca5aca56c6cbbf40",
            "connection_termination": null,
            "deregistration_delay": "300",
            "health_check": [
              {
                "enabled": true,
                "healthy_threshold": 2,
                "interval": 15,
                "matcher": "200",
                "path": "/api/notification/health",
                "port": "traffic-port",
                "protocol": "HTTP",
                "timeout": 5,
                "unhealthy_threshold": 3
              }
            ],
            "id": "arn:aws:elasticloadbalancing:ap-south-1:882040517001:targetgroup/tg-notification/ca5aca56c6cbbf40",
            "ip_address_type": "ipv4",
            "lambda_multi_value_headers_enabled": false,
            "load_balancer_arns": [],
            "load_balancing_algorithm_type": "round_robin",
            "load_balancing_anomaly_mitigation": "off",
            "load_balancing_cross_zone_enabled": "use_load_balancer_configuration",
            "name": "tg-notification",
            "name_prefix": "",
            "port": 8083,
            "preserve_client_ip": null,
            "protocol": "HTTP",
            "protocol_version": "HTTP1",
            "proxy_protocol_v2": false,
            "slow_start": 0,
            "stickiness": [
              {
                "cookie_duration": 86400,
                "cookie_name": "",
                "enabled": false,
                "type": "lb_cookie"
              }
            ],
            "tags": null,
            "tags_all": {
              "Environment": "POC",
              "ManagedBy": "Terraform",
              "Project": "OrderSaga"
            },
            "target_failover": [
              {
                "on_deregistration": null,
                "on_unhealthy": null
              }
            ],
            "target_group_health": [
              {
                "dns_failover": [
                  {
                    "minimum_healthy_targets_count": "1",
                    "minimum_healthy_targets_percentage": "off"
                  }
                ],
                "unhealthy_state_routing": [
                  {
                    "minimum_healthy_targets_count": 1,
                    "minimum_healthy_targets_percentage": "off"
                  }
                ]
              }
            ],
            "target_health_state": [
              {
                "enable_unhealthy_connection_termination": null,
                "unhealthy_draining_interval": null
              }
            ],
            "target_type": "ip",
            "vpc_id": "vpc-0aed50d856a3ed637"
          },
          "sensitive_attributes": [],
          "identity_schema_version": 0,
          "private": "bnVsbA==",
          "dependencies": [
            "aws_vpc.main"
          ]
        },
        {
          "index_key": "payment",
          "schema_version": 0,
          "attributes": {
            "arn": "arn:aws:elasticloadbalancing:ap-south-1:882040517001:targetgroup/tg-payment/e55021e4960dadc3",
            "arn_suffix": "targetgroup/tg-payment/e55021e4960dadc3",
            "connection_termination": null,
            "deregistration_delay": "300",
            "health_check": [
              {
                "enabled": true,
                "healthy_threshold": 2,
                "interval": 15,
                "matcher": "200",
                "path": "/api/payment/health",
                "port": "traffic-port",
                "protocol": "HTTP",
                "timeout": 5,
                "unhealthy_threshold": 3
              }
            ],
            "id": "arn:aws:elasticloadbalancing:ap-south-1:882040517001:targetgroup/tg-payment/e55021e4960dadc3",
            "ip_address_type": "ipv4",
            "lambda_multi_value_headers_enabled": false,
            "load_balancer_arns": [],
            "load_balancing_algorithm_type": "round_robin",
            "load_balancing_anomaly_mitigation": "off",
            "load_balancing_cross_zone_enabled": "use_load_balancer_configuration",
            "name": "tg-payment",
            "name_prefix": "",
            "port": 8082,
            "preserve_client_ip": null,
            "protocol": "HTTP",
            "protocol_version": "HTTP1",
            "proxy_protocol_v2": false,
            "slow_start": 0,
            "stickiness": [
              {
                "cookie_duration": 86400,
                "cookie_name": "",
                "enabled": false,
                "type": "lb_cookie"
              }
            ],
            "tags": null,
            "tags_all": {
              "Environment": "POC",
              "ManagedBy": "Terraform",
              "Project": "OrderSaga"
            },
            "target_failover": [
              {
                "on_deregistration": null,
                "on_unhealthy": null
              }
            ],
            "target_group_health": [
              {
                "dns_failover": [
                  {
                    "minimum_healthy_targets_count": "1",
                    "minimum_healthy_targets_percentage": "off"
                  }
                ],
                "unhealthy_state_routing": [
                  {
                    "minimum_healthy_targets_count": 1,
                    "minimum_healthy_targets_percentage": "off"
                  }
                ]
              }
            ],
            "target_health_state": [
              {
                "enable_unhealthy_connection_termination": null,
                "unhealthy_draining_interval": null
              }
            ],
            "target_type": "ip",
            "vpc_id": "vpc-0aed50d856a3ed637"
          },
          "sensitive_attributes": [],
          "identity_schema_version": 0,
          "private": "bnVsbA==",
          "dependencies": [
            "aws_vpc.main"
          ]
        },
        {
          "index_key": "producer",
          "schema_version": 0,
          "attributes": {
            "arn": "arn:aws:elasticloadbalancing:ap-south-1:882040517001:targetgroup/tg-producer/de07c18c4f384d19",
            "arn_suffix": "targetgroup/tg-producer/de07c18c4f384d19",
            "connection_termination": null,
            "deregistration_delay": "300",
            "health_check": [
              {
                "enabled": true,
                "healthy_threshold": 2,
                "interval": 15,
                "matcher": "200",
                "path": "/api/producer/health",
                "port": "traffic-port",
                "protocol": "HTTP",
                "timeout": 5,
                "unhealthy_threshold": 3
              }
            ],
            "id": "arn:aws:elasticloadbalancing:ap-south-1:882040517001:targetgroup/tg-producer/de07c18c4f384d19",
            "ip_address_type": "ipv4",
            "lambda_multi_value_headers_enabled": false,
            "load_balancer_arns": [],
            "load_balancing_algorithm_type": "round_robin",
            "load_balancing_anomaly_mitigation": "off",
            "load_balancing_cross_zone_enabled": "use_load_balancer_configuration",
            "name": "tg-producer",
            "name_prefix": "",
            "port": 8080,
            "preserve_client_ip": null,
            "protocol": "HTTP",
            "protocol_version": "HTTP1",
            "proxy_protocol_v2": false,
            "slow_start": 0,
            "stickiness": [
              {
                "cookie_duration": 86400,
                "cookie_name": "",
                "enabled": false,
                "type": "lb_cookie"
              }
            ],
            "tags": null,
            "tags_all": {
              "Environment": "POC",
              "ManagedBy": "Terraform",
              "Project": "OrderSaga"
            },
            "target_failover": [
              {
                "on_deregistration": null,
                "on_unhealthy": null
              }
            ],
            "target_group_health": [
              {
                "dns_failover": [
                  {
                    "minimum_healthy_targets_count": "1",
                    "minimum_healthy_targets_percentage": "off"
                  }
                ],
                "unhealthy_state_routing": [
                  {
                    "minimum_healthy_targets_count": 1,
                    "minimum_healthy_targets_percentage": "off"
                  }
                ]
              }
            ],
            "target_health_state": [
              {
                "enable_unhealthy_connection_termination": null,
                "unhealthy_draining_interval": null
              }
            ],
            "target_type": "ip",
            "vpc_id": "vpc-0aed50d856a3ed637"
          },
          "sensitive_attributes": [],
          "identity_schema_version": 0,
          "private": "bnVsbA==",
          "dependencies": [
            "aws_vpc.main"
          ]
        }
      ]
    },
    {
      "mode": "managed",
      "type": "aws_route_table",
      "name": "public",
      "provider": "provider[\"registry.terraform.io/hashicorp/aws\"]",
      "instances": [
        {
          "schema_version": 0,
          "attributes": {
            "arn": "arn:aws:ec2:ap-south-1:882040517001:route-table/rtb-06bb2f6e4063508ac",
            "id": "rtb-06bb2f6e4063508ac",
            "owner_id": "882040517001",
            "propagating_vgws": [],
            "route": [
              {
                "carrier_gateway_id": "",
                "cidr_block": "0.0.0.0/0",
                "core_network_arn": "",
                "destination_prefix_list_id": "",
                "egress_only_gateway_id": "",
                "gateway_id": "igw-054582e9c148d5b01",
                "ipv6_cidr_block": "",
                "local_gateway_id": "",
                "nat_gateway_id": "",
                "network_interface_id": "",
                "transit_gateway_id": "",
                "vpc_endpoint_id": "",
                "vpc_peering_connection_id": ""
              }
            ],
            "tags": {
              "Name": "order-saga-public-rt"
            },
            "tags_all": {
              "Environment": "POC",
              "ManagedBy": "Terraform",
              "Name": "order-saga-public-rt",
              "Project": "OrderSaga"
            },
            "timeouts": null,
            "vpc_id": "vpc-0aed50d856a3ed637"
          },
          "sensitive_attributes": [],
          "identity_schema_version": 0,
          "private": "eyJlMmJmYjczMC1lY2FhLTExZTYtOGY4OC0zNDM2M2JjN2M0YzAiOnsiY3JlYXRlIjozMDAwMDAwMDAwMDAsImRlbGV0ZSI6MzAwMDAwMDAwMDAwLCJ1cGRhdGUiOjEyMDAwMDAwMDAwMH19",
          "dependencies": [
            "aws_internet_gateway.igw",
            "aws_vpc.main"
          ]
        }
      ]
    },
    {
      "mode": "managed",
      "type": "aws_route_table_association",
      "name": "public",
      "provider": "provider[\"registry.terraform.io/hashicorp/aws\"]",
      "instances": [
        {
          "index_key": 0,
          "schema_version": 0,
          "attributes": {
            "gateway_id": "",
            "id": "rtbassoc-0dde4cf3b5375c2ae",
            "route_table_id": "rtb-06bb2f6e4063508ac",
            "subnet_id": "subnet-0204263fec5e9cf2a",
            "timeouts": null
          },
          "sensitive_attributes": [],
          "identity_schema_version": 0,
          "private": "eyJlMmJmYjczMC1lY2FhLTExZTYtOGY4OC0zNDM2M2JjN2M0YzAiOnsiY3JlYXRlIjozMDAwMDAwMDAwMDAsImRlbGV0ZSI6MzAwMDAwMDAwMDAwLCJ1cGRhdGUiOjEyMDAwMDAwMDAwMH19",
          "dependencies": [
            "aws_internet_gateway.igw",
            "aws_route_table.public",
            "aws_subnet.public",
            "aws_vpc.main",
            "data.aws_availability_zones.available"
          ]
        },
        {
          "index_key": 1,
          "schema_version": 0,
          "attributes": {
            "gateway_id": "",
            "id": "rtbassoc-02b1ce4f445902e04",
            "route_table_id": "rtb-06bb2f6e4063508ac",
            "subnet_id": "subnet-006557114fe375ed5",
            "timeouts": null
          },
          "sensitive_attributes": [],
          "identity_schema_version": 0,
          "private": "eyJlMmJmYjczMC1lY2FhLTExZTYtOGY4OC0zNDM2M2JjN2M0YzAiOnsiY3JlYXRlIjozMDAwMDAwMDAwMDAsImRlbGV0ZSI6MzAwMDAwMDAwMDAwLCJ1cGRhdGUiOjEyMDAwMDAwMDAwMH19",
          "dependencies": [
            "aws_internet_gateway.igw",
            "aws_route_table.public",
            "aws_subnet.public",
            "aws_vpc.main",
            "data.aws_availability_zones.available"
          ]
        }
      ]
    },
    {
      "mode": "managed",
      "type": "aws_security_group",
      "name": "alb",
      "provider": "provider[\"registry.terraform.io/hashicorp/aws\"]",
      "instances": [
        {
          "schema_version": 1,
          "attributes": {
            "arn": "arn:aws:ec2:ap-south-1:882040517001:security-group/sg-02c192be7940515de",
            "description": "Allow inbound HTTPS/HTTP",
            "egress": [
              {
                "cidr_blocks": [
                  "0.0.0.0/0"
                ],
                "description": "",
                "from_port": 0,
                "ipv6_cidr_blocks": [],
                "prefix_list_ids": [],
                "protocol": "-1",
                "security_groups": [],
                "self": false,
                "to_port": 0
              }
            ],
            "id": "sg-02c192be7940515de",
            "ingress": [
              {
                "cidr_blocks": [
                  "0.0.0.0/0"
                ],
                "description": "HTTP",
                "from_port": 80,
                "ipv6_cidr_blocks": [],
                "prefix_list_ids": [],
                "protocol": "tcp",
                "security_groups": [],
                "self": false,
                "to_port": 80
              },
              {
                "cidr_blocks": [
                  "0.0.0.0/0"
                ],
                "description": "HTTPS",
                "from_port": 443,
                "ipv6_cidr_blocks": [],
                "prefix_list_ids": [],
                "protocol": "tcp",
                "security_groups": [],
                "self": false,
                "to_port": 443
              }
            ],
            "name": "order-saga-alb-sg",
            "name_prefix": "",
            "owner_id": "882040517001",
            "revoke_rules_on_delete": false,
            "tags": null,
            "tags_all": {
              "Environment": "POC",
              "ManagedBy": "Terraform",
              "Project": "OrderSaga"
            },
            "timeouts": null,
            "vpc_id": "vpc-0aed50d856a3ed637"
          },
          "sensitive_attributes": [],
          "identity_schema_version": 0,
          "private": "eyJlMmJmYjczMC1lY2FhLTExZTYtOGY4OC0zNDM2M2JjN2M0YzAiOnsiY3JlYXRlIjo2MDAwMDAwMDAwMDAsImRlbGV0ZSI6OTAwMDAwMDAwMDAwfSwic2NoZW1hX3ZlcnNpb24iOiIxIn0=",
          "dependencies": [
            "aws_vpc.main"
          ]
        }
      ]
    },
    {
      "mode": "managed",
      "type": "aws_security_group",
      "name": "ecs",
      "provider": "provider[\"registry.terraform.io/hashicorp/aws\"]",
      "instances": [
        {
          "index_key": "inventory",
          "schema_version": 1,
          "attributes": {
            "arn": "arn:aws:ec2:ap-south-1:882040517001:security-group/sg-030e3eb7a7e737481",
            "description": "Security group for inventory service",
            "egress": [
              {
                "cidr_blocks": [
                  "0.0.0.0/0"
                ],
                "description": "",
                "from_port": 0,
                "ipv6_cidr_blocks": [],
                "prefix_list_ids": [],
                "protocol": "-1",
                "security_groups": [],
                "self": false,
                "to_port": 0
              }
            ],
            "id": "sg-030e3eb7a7e737481",
            "ingress": [
              {
                "cidr_blocks": [],
                "description": "Allow HTTP traffic from ALB",
                "from_port": 8081,
                "ipv6_cidr_blocks": [],
                "prefix_list_ids": [],
                "protocol": "tcp",
                "security_groups": [
                  "sg-02c192be7940515de"
                ],
                "self": false,
                "to_port": 8081
              }
            ],
            "name": "order-saga-ecs-inventory-sg",
            "name_prefix": "",
            "owner_id": "882040517001",
            "revoke_rules_on_delete": false,
            "tags": null,
            "tags_all": {
              "Environment": "POC",
              "ManagedBy": "Terraform",
              "Project": "OrderSaga"
            },
            "timeouts": null,
            "vpc_id": "vpc-0aed50d856a3ed637"
          },
          "sensitive_attributes": [],
          "identity_schema_version": 0,
          "private": "eyJlMmJmYjczMC1lY2FhLTExZTYtOGY4OC0zNDM2M2JjN2M0YzAiOnsiY3JlYXRlIjo2MDAwMDAwMDAwMDAsImRlbGV0ZSI6OTAwMDAwMDAwMDAwfSwic2NoZW1hX3ZlcnNpb24iOiIxIn0=",
          "dependencies": [
            "aws_security_group.alb",
            "aws_vpc.main"
          ]
        },
        {
          "index_key": "notification",
          "schema_version": 1,
          "attributes": {
            "arn": "arn:aws:ec2:ap-south-1:882040517001:security-group/sg-08180eda4998d39d3",
            "description": "Security group for notification service",
            "egress": [
              {
                "cidr_blocks": [
                  "0.0.0.0/0"
                ],
                "description": "",
                "from_port": 0,
                "ipv6_cidr_blocks": [],
                "prefix_list_ids": [],
                "protocol": "-1",
                "security_groups": [],
                "self": false,
                "to_port": 0
              }
            ],
            "id": "sg-08180eda4998d39d3",
            "ingress": [
              {
                "cidr_blocks": [],
                "description": "Allow HTTP traffic from ALB",
                "from_port": 8083,
                "ipv6_cidr_blocks": [],
                "prefix_list_ids": [],
                "protocol": "tcp",
                "security_groups": [
                  "sg-02c192be7940515de"
                ],
                "self": false,
                "to_port": 8083
              }
            ],
            "name": "order-saga-ecs-notification-sg",
            "name_prefix": "",
            "owner_id": "882040517001",
            "revoke_rules_on_delete": false,
            "tags": null,
            "tags_all": {
              "Environment": "POC",
              "ManagedBy": "Terraform",
              "Project": "OrderSaga"
            },
            "timeouts": null,
            "vpc_id": "vpc-0aed50d856a3ed637"
          },
          "sensitive_attributes": [],
          "identity_schema_version": 0,
          "private": "eyJlMmJmYjczMC1lY2FhLTExZTYtOGY4OC0zNDM2M2JjN2M0YzAiOnsiY3JlYXRlIjo2MDAwMDAwMDAwMDAsImRlbGV0ZSI6OTAwMDAwMDAwMDAwfSwic2NoZW1hX3ZlcnNpb24iOiIxIn0=",
          "dependencies": [
            "aws_security_group.alb",
            "aws_vpc.main"
          ]
        },
        {
          "index_key": "payment",
          "schema_version": 1,
          "attributes": {
            "arn": "arn:aws:ec2:ap-south-1:882040517001:security-group/sg-0e492ffd49e2cd797",
            "description": "Security group for payment service",
            "egress": [
              {
                "cidr_blocks": [
                  "0.0.0.0/0"
                ],
                "description": "",
                "from_port": 0,
                "ipv6_cidr_blocks": [],
                "prefix_list_ids": [],
                "protocol": "-1",
                "security_groups": [],
                "self": false,
                "to_port": 0
              }
            ],
            "id": "sg-0e492ffd49e2cd797",
            "ingress": [
              {
                "cidr_blocks": [],
                "description": "Allow HTTP traffic from ALB",
                "from_port": 8082,
                "ipv6_cidr_blocks": [],
                "prefix_list_ids": [],
                "protocol": "tcp",
                "security_groups": [
                  "sg-02c192be7940515de"
                ],
                "self": false,
                "to_port": 8082
              }
            ],
            "name": "order-saga-ecs-payment-sg",
            "name_prefix": "",
            "owner_id": "882040517001",
            "revoke_rules_on_delete": false,
            "tags": null,
            "tags_all": {
              "Environment": "POC",
              "ManagedBy": "Terraform",
              "Project": "OrderSaga"
            },
            "timeouts": null,
            "vpc_id": "vpc-0aed50d856a3ed637"
          },
          "sensitive_attributes": [],
          "identity_schema_version": 0,
          "private": "eyJlMmJmYjczMC1lY2FhLTExZTYtOGY4OC0zNDM2M2JjN2M0YzAiOnsiY3JlYXRlIjo2MDAwMDAwMDAwMDAsImRlbGV0ZSI6OTAwMDAwMDAwMDAwfSwic2NoZW1hX3ZlcnNpb24iOiIxIn0=",
          "dependencies": [
            "aws_security_group.alb",
            "aws_vpc.main"
          ]
        },
        {
          "index_key": "producer",
          "schema_version": 1,
          "attributes": {
            "arn": "arn:aws:ec2:ap-south-1:882040517001:security-group/sg-04ef750ded25a94fd",
            "description": "Security group for producer service",
            "egress": [
              {
                "cidr_blocks": [
                  "0.0.0.0/0"
                ],
                "description": "",
                "from_port": 0,
                "ipv6_cidr_blocks": [],
                "prefix_list_ids": [],
                "protocol": "-1",
                "security_groups": [],
                "self": false,
                "to_port": 0
              }
            ],
            "id": "sg-04ef750ded25a94fd",
            "ingress": [
              {
                "cidr_blocks": [],
                "description": "Allow HTTP traffic from ALB",
                "from_port": 8080,
                "ipv6_cidr_blocks": [],
                "prefix_list_ids": [],
                "protocol": "tcp",
                "security_groups": [
                  "sg-02c192be7940515de"
                ],
                "self": false,
                "to_port": 8080
              }
            ],
            "name": "order-saga-ecs-producer-sg",
            "name_prefix": "",
            "owner_id": "882040517001",
            "revoke_rules_on_delete": false,
            "tags": null,
            "tags_all": {
              "Environment": "POC",
              "ManagedBy": "Terraform",
              "Project": "OrderSaga"
            },
            "timeouts": null,
            "vpc_id": "vpc-0aed50d856a3ed637"
          },
          "sensitive_attributes": [],
          "identity_schema_version": 0,
          "private": "eyJlMmJmYjczMC1lY2FhLTExZTYtOGY4OC0zNDM2M2JjN2M0YzAiOnsiY3JlYXRlIjo2MDAwMDAwMDAwMDAsImRlbGV0ZSI6OTAwMDAwMDAwMDAwfSwic2NoZW1hX3ZlcnNpb24iOiIxIn0=",
          "dependencies": [
            "aws_security_group.alb",
            "aws_vpc.main"
          ]
        }
      ]
    },
    {
      "mode": "managed",
      "type": "aws_security_group",
      "name": "mq",
      "provider": "provider[\"registry.terraform.io/hashicorp/aws\"]",
      "instances": [
        {
          "schema_version": 1,
          "attributes": {
            "arn": "arn:aws:ec2:ap-south-1:882040517001:security-group/sg-0588af04f695e04b4",
            "description": "Security group for IBM MQ on EC2",
            "egress": [
              {
                "cidr_blocks": [
                  "0.0.0.0/0"
                ],
                "description": "",
                "from_port": 0,
                "ipv6_cidr_blocks": [],
                "prefix_list_ids": [],
                "protocol": "-1",
                "security_groups": [],
                "self": false,
                "to_port": 0
              }
            ],
            "id": "sg-0588af04f695e04b4",
            "ingress": [
              {
                "cidr_blocks": [
                  "0.0.0.0/0"
                ],
                "description": "IBM MQ Admin Console",
                "from_port": 9443,
                "ipv6_cidr_blocks": [],
                "prefix_list_ids": [],
                "protocol": "tcp",
                "security_groups": [],
                "self": false,
                "to_port": 9443
              },
              {
                "cidr_blocks": [
                  "0.0.0.0/0"
                ],
                "description": "SSH access",
                "from_port": 22,
                "ipv6_cidr_blocks": [],
                "prefix_list_ids": [],
                "protocol": "tcp",
                "security_groups": [],
                "self": false,
                "to_port": 22
              },
              {
                "cidr_blocks": [],
                "description": "JMS connections from all ECS services",
                "from_port": 1414,
                "ipv6_cidr_blocks": [],
                "prefix_list_ids": [],
                "protocol": "tcp",
                "security_groups": [
                  "sg-030e3eb7a7e737481",
                  "sg-04ef750ded25a94fd",
                  "sg-08180eda4998d39d3",
                  "sg-0e492ffd49e2cd797"
                ],
                "self": false,
                "to_port": 1414
              }
            ],
            "name": "order-saga-mq-sg",
            "name_prefix": "",
            "owner_id": "882040517001",
            "revoke_rules_on_delete": false,
            "tags": null,
            "tags_all": {
              "Environment": "POC",
              "ManagedBy": "Terraform",
              "Project": "OrderSaga"
            },
            "timeouts": null,
            "vpc_id": "vpc-0aed50d856a3ed637"
          },
          "sensitive_attributes": [],
          "identity_schema_version": 0,
          "private": "eyJlMmJmYjczMC1lY2FhLTExZTYtOGY4OC0zNDM2M2JjN2M0YzAiOnsiY3JlYXRlIjo2MDAwMDAwMDAwMDAsImRlbGV0ZSI6OTAwMDAwMDAwMDAwfSwic2NoZW1hX3ZlcnNpb24iOiIxIn0=",
          "dependencies": [
            "aws_security_group.alb",
            "aws_security_group.ecs",
            "aws_vpc.main"
          ]
        }
      ]
    },
    {
      "mode": "managed",
      "type": "aws_security_group",
      "name": "pgadmin",
      "provider": "provider[\"registry.terraform.io/hashicorp/aws\"]",
      "instances": [
        {
          "schema_version": 1,
          "attributes": {
            "arn": "arn:aws:ec2:ap-south-1:882040517001:security-group/sg-0fb6ecbfc9db6fde3",
            "description": "Security group for pgAdmin on EC2",
            "egress": [
              {
                "cidr_blocks": [
                  "0.0.0.0/0"
                ],
                "description": "",
                "from_port": 0,
                "ipv6_cidr_blocks": [],
                "prefix_list_ids": [],
                "protocol": "-1",
                "security_groups": [],
                "self": false,
                "to_port": 0
              }
            ],
            "id": "sg-0fb6ecbfc9db6fde3",
            "ingress": [
              {
                "cidr_blocks": [
                  "0.0.0.0/0"
                ],
                "description": "SSH access",
                "from_port": 22,
                "ipv6_cidr_blocks": [],
                "prefix_list_ids": [],
                "protocol": "tcp",
                "security_groups": [],
                "self": false,
                "to_port": 22
              },
              {
                "cidr_blocks": [
                  "0.0.0.0/0"
                ],
                "description": "pgAdmin Web UI",
                "from_port": 5050,
                "ipv6_cidr_blocks": [],
                "prefix_list_ids": [],
                "protocol": "tcp",
                "security_groups": [],
                "self": false,
                "to_port": 5050
              }
            ],
            "name": "order-saga-pgadmin-sg",
            "name_prefix": "",
            "owner_id": "882040517001",
            "revoke_rules_on_delete": false,
            "tags": null,
            "tags_all": {
              "Environment": "POC",
              "ManagedBy": "Terraform",
              "Project": "OrderSaga"
            },
            "timeouts": null,
            "vpc_id": "vpc-0aed50d856a3ed637"
          },
          "sensitive_attributes": [],
          "identity_schema_version": 0,
          "private": "eyJlMmJmYjczMC1lY2FhLTExZTYtOGY4OC0zNDM2M2JjN2M0YzAiOnsiY3JlYXRlIjo2MDAwMDAwMDAwMDAsImRlbGV0ZSI6OTAwMDAwMDAwMDAwfSwic2NoZW1hX3ZlcnNpb24iOiIxIn0=",
          "dependencies": [
            "aws_vpc.main"
          ]
        }
      ]
    },
    {
      "mode": "managed",
      "type": "aws_security_group",
      "name": "rds",
      "provider": "provider[\"registry.terraform.io/hashicorp/aws\"]",
      "instances": [
        {
          "schema_version": 1,
          "attributes": {
            "arn": "arn:aws:ec2:ap-south-1:882040517001:security-group/sg-0235f6c8e0c215890",
            "description": "Security group for the shared RDS database",
            "egress": [],
            "id": "sg-0235f6c8e0c215890",
            "ingress": [
              {
                "cidr_blocks": [],
                "description": "PostgreSQL from MQ Bastion host",
                "from_port": 5432,
                "ipv6_cidr_blocks": [],
                "prefix_list_ids": [],
                "protocol": "tcp",
                "security_groups": [
                  "sg-0588af04f695e04b4"
                ],
                "self": false,
                "to_port": 5432
              },
              {
                "cidr_blocks": [],
                "description": "PostgreSQL from all ECS services",
                "from_port": 5432,
                "ipv6_cidr_blocks": [],
                "prefix_list_ids": [],
                "protocol": "tcp",
                "security_groups": [
                  "sg-030e3eb7a7e737481",
                  "sg-04ef750ded25a94fd",
                  "sg-08180eda4998d39d3",
                  "sg-0e492ffd49e2cd797"
                ],
                "self": false,
                "to_port": 5432
              },
              {
                "cidr_blocks": [],
                "description": "PostgreSQL from pgAdmin host",
                "from_port": 5432,
                "ipv6_cidr_blocks": [],
                "prefix_list_ids": [],
                "protocol": "tcp",
                "security_groups": [
                  "sg-0fb6ecbfc9db6fde3"
                ],
                "self": false,
                "to_port": 5432
              }
            ],
            "name": "order-saga-rds-sg",
            "name_prefix": "",
            "owner_id": "882040517001",
            "revoke_rules_on_delete": false,
            "tags": null,
            "tags_all": {
              "Environment": "POC",
              "ManagedBy": "Terraform",
              "Project": "OrderSaga"
            },
            "timeouts": null,
            "vpc_id": "vpc-0aed50d856a3ed637"
          },
          "sensitive_attributes": [],
          "identity_schema_version": 0,
          "private": "eyJlMmJmYjczMC1lY2FhLTExZTYtOGY4OC0zNDM2M2JjN2M0YzAiOnsiY3JlYXRlIjo2MDAwMDAwMDAwMDAsImRlbGV0ZSI6OTAwMDAwMDAwMDAwfSwic2NoZW1hX3ZlcnNpb24iOiIxIn0=",
          "dependencies": [
            "aws_security_group.alb",
            "aws_security_group.ecs",
            "aws_security_group.mq",
            "aws_security_group.pgadmin",
            "aws_vpc.main"
          ]
        }
      ]
    },
    {
      "mode": "managed",
      "type": "aws_ssm_parameter",
      "name": "mq_admin_password",
      "provider": "provider[\"registry.terraform.io/hashicorp/aws\"]",
      "instances": [
        {
          "schema_version": 0,
          "attributes": {
            "allowed_pattern": "",
            "arn": "arn:aws:ssm:ap-south-1:882040517001:parameter/order-saga/MQ_ADMIN_PASSWORD",
            "data_type": "text",
            "description": "",
            "has_value_wo": null,
            "id": "/order-saga/MQ_ADMIN_PASSWORD",
            "insecure_value": null,
            "key_id": "alias/aws/ssm",
            "name": "/order-saga/MQ_ADMIN_PASSWORD",
            "overwrite": null,
            "tags": {},
            "tags_all": {
              "Environment": "POC",
              "ManagedBy": "Terraform",
              "Project": "OrderSaga"
            },
            "tier": "Standard",
            "type": "SecureString",
            "value": "ChangeMe123!",
            "value_wo": null,
            "value_wo_version": null,
            "version": 1
          },
          "sensitive_attributes": [
            [
              {
                "type": "get_attr",
                "value": "value"
              }
            ],
            [
              {
                "type": "get_attr",
                "value": "value_wo"
              }
            ]
          ],
          "identity_schema_version": 0,
          "private": "bnVsbA=="
        }
      ]
    },
    {
      "mode": "managed",
      "type": "aws_ssm_parameter",
      "name": "mq_password",
      "provider": "provider[\"registry.terraform.io/hashicorp/aws\"]",
      "instances": [
        {
          "schema_version": 0,
          "attributes": {
            "allowed_pattern": "",
            "arn": "arn:aws:ssm:ap-south-1:882040517001:parameter/order-saga/MQ_PASSWORD",
            "data_type": "text",
            "description": "",
            "has_value_wo": null,
            "id": "/order-saga/MQ_PASSWORD",
            "insecure_value": null,
            "key_id": "alias/aws/ssm",
            "name": "/order-saga/MQ_PASSWORD",
            "overwrite": null,
            "tags": {},
            "tags_all": {
              "Environment": "POC",
              "ManagedBy": "Terraform",
              "Project": "OrderSaga"
            },
            "tier": "Standard",
            "type": "SecureString",
            "value": "ChangeMe123!",
            "value_wo": null,
            "value_wo_version": null,
            "version": 1
          },
          "sensitive_attributes": [
            [
              {
                "type": "get_attr",
                "value": "value"
              }
            ],
            [
              {
                "type": "get_attr",
                "value": "value_wo"
              }
            ]
          ],
          "identity_schema_version": 0,
          "private": "bnVsbA=="
        }
      ]
    },
    {
      "mode": "managed",
      "type": "aws_ssm_parameter",
      "name": "mq_user",
      "provider": "provider[\"registry.terraform.io/hashicorp/aws\"]",
      "instances": [
        {
          "schema_version": 0,
          "attributes": {
            "allowed_pattern": "",
            "arn": "arn:aws:ssm:ap-south-1:882040517001:parameter/order-saga/MQ_USER",
            "data_type": "text",
            "description": "",
            "has_value_wo": null,
            "id": "/order-saga/MQ_USER",
            "insecure_value": null,
            "key_id": "",
            "name": "/order-saga/MQ_USER",
            "overwrite": null,
            "tags": null,
            "tags_all": {
              "Environment": "POC",
              "ManagedBy": "Terraform",
              "Project": "OrderSaga"
            },
            "tier": "Standard",
            "type": "String",
            "value": "app",
            "value_wo": null,
            "value_wo_version": null,
            "version": 1
          },
          "sensitive_attributes": [
            [
              {
                "type": "get_attr",
                "value": "value"
              }
            ],
            [
              {
                "type": "get_attr",
                "value": "value_wo"
              }
            ]
          ],
          "identity_schema_version": 0,
          "private": "bnVsbA=="
        }
      ]
    },
    {
      "mode": "managed",
      "type": "aws_ssm_parameter",
      "name": "postgres_password",
      "provider": "provider[\"registry.terraform.io/hashicorp/aws\"]",
      "instances": [
        {
          "schema_version": 0,
          "attributes": {
            "allowed_pattern": "",
            "arn": "arn:aws:ssm:ap-south-1:882040517001:parameter/order-saga/POSTGRES_PASSWORD",
            "data_type": "text",
            "description": "",
            "has_value_wo": null,
            "id": "/order-saga/POSTGRES_PASSWORD",
            "insecure_value": null,
            "key_id": "alias/aws/ssm",
            "name": "/order-saga/POSTGRES_PASSWORD",
            "overwrite": null,
            "tags": {},
            "tags_all": {
              "Environment": "POC",
              "ManagedBy": "Terraform",
              "Project": "OrderSaga"
            },
            "tier": "Standard",
            "type": "SecureString",
            "value": "ChangeMe123!",
            "value_wo": null,
            "value_wo_version": null,
            "version": 1
          },
          "sensitive_attributes": [
            [
              {
                "type": "get_attr",
                "value": "value"
              }
            ],
            [
              {
                "type": "get_attr",
                "value": "value_wo"
              }
            ]
          ],
          "identity_schema_version": 0,
          "private": "bnVsbA=="
        }
      ]
    },
    {
      "mode": "managed",
      "type": "aws_ssm_parameter",
      "name": "postgres_user",
      "provider": "provider[\"registry.terraform.io/hashicorp/aws\"]",
      "instances": [
        {
          "schema_version": 0,
          "attributes": {
            "allowed_pattern": "",
            "arn": "arn:aws:ssm:ap-south-1:882040517001:parameter/order-saga/POSTGRES_USER",
            "data_type": "text",
            "description": "",
            "has_value_wo": null,
            "id": "/order-saga/POSTGRES_USER",
            "insecure_value": null,
            "key_id": "alias/aws/ssm",
            "name": "/order-saga/POSTGRES_USER",
            "overwrite": null,
            "tags": {},
            "tags_all": {
              "Environment": "POC",
              "ManagedBy": "Terraform",
              "Project": "OrderSaga"
            },
            "tier": "Standard",
            "type": "SecureString",
            "value": "postgres",
            "value_wo": null,
            "value_wo_version": null,
            "version": 1
          },
          "sensitive_attributes": [
            [
              {
                "type": "get_attr",
                "value": "value"
              }
            ],
            [
              {
                "type": "get_attr",
                "value": "value_wo"
              }
            ]
          ],
          "identity_schema_version": 0,
          "private": "bnVsbA=="
        }
      ]
    },
    {
      "mode": "managed",
      "type": "aws_subnet",
      "name": "private_db",
      "provider": "provider[\"registry.terraform.io/hashicorp/aws\"]",
      "instances": [
        {
          "index_key": 0,
          "schema_version": 1,
          "attributes": {
            "arn": "arn:aws:ec2:ap-south-1:882040517001:subnet/subnet-021b040d0fb7abf82",
            "assign_ipv6_address_on_creation": false,
            "availability_zone": "ap-south-1a",
            "availability_zone_id": "aps1-az1",
            "cidr_block": "10.0.20.0/24",
            "customer_owned_ipv4_pool": "",
            "enable_dns64": false,
            "enable_lni_at_device_index": 0,
            "enable_resource_name_dns_a_record_on_launch": false,
            "enable_resource_name_dns_aaaa_record_on_launch": false,
            "id": "subnet-021b040d0fb7abf82",
            "ipv6_cidr_block": "",
            "ipv6_cidr_block_association_id": "",
            "ipv6_native": false,
            "map_customer_owned_ip_on_launch": false,
            "map_public_ip_on_launch": false,
            "outpost_arn": "",
            "owner_id": "882040517001",
            "private_dns_hostname_type_on_launch": "ip-name",
            "tags": {
              "Name": "order-saga-private-db-subnet-1"
            },
            "tags_all": {
              "Environment": "POC",
              "ManagedBy": "Terraform",
              "Name": "order-saga-private-db-subnet-1",
              "Project": "OrderSaga"
            },
            "timeouts": null,
            "vpc_id": "vpc-0aed50d856a3ed637"
          },
          "sensitive_attributes": [],
          "identity_schema_version": 0,
          "private": "eyJlMmJmYjczMC1lY2FhLTExZTYtOGY4OC0zNDM2M2JjN2M0YzAiOnsiY3JlYXRlIjo2MDAwMDAwMDAwMDAsImRlbGV0ZSI6MTIwMDAwMDAwMDAwMH0sInNjaGVtYV92ZXJzaW9uIjoiMSJ9",
          "dependencies": [
            "aws_vpc.main",
            "data.aws_availability_zones.available"
          ]
        },
        {
          "index_key": 1,
          "schema_version": 1,
          "attributes": {
            "arn": "arn:aws:ec2:ap-south-1:882040517001:subnet/subnet-082a7accf0e277a29",
            "assign_ipv6_address_on_creation": false,
            "availability_zone": "ap-south-1b",
            "availability_zone_id": "aps1-az3",
            "cidr_block": "10.0.21.0/24",
            "customer_owned_ipv4_pool": "",
            "enable_dns64": false,
            "enable_lni_at_device_index": 0,
            "enable_resource_name_dns_a_record_on_launch": false,
            "enable_resource_name_dns_aaaa_record_on_launch": false,
            "id": "subnet-082a7accf0e277a29",
            "ipv6_cidr_block": "",
            "ipv6_cidr_block_association_id": "",
            "ipv6_native": false,
            "map_customer_owned_ip_on_launch": false,
            "map_public_ip_on_launch": false,
            "outpost_arn": "",
            "owner_id": "882040517001",
            "private_dns_hostname_type_on_launch": "ip-name",
            "tags": {
              "Name": "order-saga-private-db-subnet-2"
            },
            "tags_all": {
              "Environment": "POC",
              "ManagedBy": "Terraform",
              "Name": "order-saga-private-db-subnet-2",
              "Project": "OrderSaga"
            },
            "timeouts": null,
            "vpc_id": "vpc-0aed50d856a3ed637"
          },
          "sensitive_attributes": [],
          "identity_schema_version": 0,
          "private": "eyJlMmJmYjczMC1lY2FhLTExZTYtOGY4OC0zNDM2M2JjN2M0YzAiOnsiY3JlYXRlIjo2MDAwMDAwMDAwMDAsImRlbGV0ZSI6MTIwMDAwMDAwMDAwMH0sInNjaGVtYV92ZXJzaW9uIjoiMSJ9",
          "dependencies": [
            "aws_vpc.main",
            "data.aws_availability_zones.available"
          ]
        }
      ]
    },
    {
      "mode": "managed",
      "type": "aws_subnet",
      "name": "public",
      "provider": "provider[\"registry.terraform.io/hashicorp/aws\"]",
      "instances": [
        {
          "index_key": 0,
          "schema_version": 1,
          "attributes": {
            "arn": "arn:aws:ec2:ap-south-1:882040517001:subnet/subnet-0204263fec5e9cf2a",
            "assign_ipv6_address_on_creation": false,
            "availability_zone": "ap-south-1a",
            "availability_zone_id": "aps1-az1",
            "cidr_block": "10.0.1.0/24",
            "customer_owned_ipv4_pool": "",
            "enable_dns64": false,
            "enable_lni_at_device_index": 0,
            "enable_resource_name_dns_a_record_on_launch": false,
            "enable_resource_name_dns_aaaa_record_on_launch": false,
            "id": "subnet-0204263fec5e9cf2a",
            "ipv6_cidr_block": "",
            "ipv6_cidr_block_association_id": "",
            "ipv6_native": false,
            "map_customer_owned_ip_on_launch": false,
            "map_public_ip_on_launch": true,
            "outpost_arn": "",
            "owner_id": "882040517001",
            "private_dns_hostname_type_on_launch": "ip-name",
            "tags": {
              "Name": "order-saga-public-subnet-1"
            },
            "tags_all": {
              "Environment": "POC",
              "ManagedBy": "Terraform",
              "Name": "order-saga-public-subnet-1",
              "Project": "OrderSaga"
            },
            "timeouts": null,
            "vpc_id": "vpc-0aed50d856a3ed637"
          },
          "sensitive_attributes": [],
          "identity_schema_version": 0,
          "private": "eyJlMmJmYjczMC1lY2FhLTExZTYtOGY4OC0zNDM2M2JjN2M0YzAiOnsiY3JlYXRlIjo2MDAwMDAwMDAwMDAsImRlbGV0ZSI6MTIwMDAwMDAwMDAwMH0sInNjaGVtYV92ZXJzaW9uIjoiMSJ9",
          "dependencies": [
            "aws_vpc.main",
            "data.aws_availability_zones.available"
          ]
        },
        {
          "index_key": 1,
          "schema_version": 1,
          "attributes": {
            "arn": "arn:aws:ec2:ap-south-1:882040517001:subnet/subnet-006557114fe375ed5",
            "assign_ipv6_address_on_creation": false,
            "availability_zone": "ap-south-1b",
            "availability_zone_id": "aps1-az3",
            "cidr_block": "10.0.2.0/24",
            "customer_owned_ipv4_pool": "",
            "enable_dns64": false,
            "enable_lni_at_device_index": 0,
            "enable_resource_name_dns_a_record_on_launch": false,
            "enable_resource_name_dns_aaaa_record_on_launch": false,
            "id": "subnet-006557114fe375ed5",
            "ipv6_cidr_block": "",
            "ipv6_cidr_block_association_id": "",
            "ipv6_native": false,
            "map_customer_owned_ip_on_launch": false,
            "map_public_ip_on_launch": true,
            "outpost_arn": "",
            "owner_id": "882040517001",
            "private_dns_hostname_type_on_launch": "ip-name",
            "tags": {
              "Name": "order-saga-public-subnet-2"
            },
            "tags_all": {
              "Environment": "POC",
              "ManagedBy": "Terraform",
              "Name": "order-saga-public-subnet-2",
              "Project": "OrderSaga"
            },
            "timeouts": null,
            "vpc_id": "vpc-0aed50d856a3ed637"
          },
          "sensitive_attributes": [],
          "identity_schema_version": 0,
          "private": "eyJlMmJmYjczMC1lY2FhLTExZTYtOGY4OC0zNDM2M2JjN2M0YzAiOnsiY3JlYXRlIjo2MDAwMDAwMDAwMDAsImRlbGV0ZSI6MTIwMDAwMDAwMDAwMH0sInNjaGVtYV92ZXJzaW9uIjoiMSJ9",
          "dependencies": [
            "aws_vpc.main",
            "data.aws_availability_zones.available"
          ]
        }
      ]
    },
    {
      "mode": "managed",
      "type": "aws_vpc",
      "name": "main",
      "provider": "provider[\"registry.terraform.io/hashicorp/aws\"]",
      "instances": [
        {
          "schema_version": 1,
          "attributes": {
            "arn": "arn:aws:ec2:ap-south-1:882040517001:vpc/vpc-0aed50d856a3ed637",
            "assign_generated_ipv6_cidr_block": false,
            "cidr_block": "10.0.0.0/16",
            "default_network_acl_id": "acl-099bda544ca8ce6ce",
            "default_route_table_id": "rtb-0719b096ac2a9aa83",
            "default_security_group_id": "sg-04b618f6ec0905301",
            "dhcp_options_id": "dopt-0a5ad1c5bf5b784ad",
            "enable_dns_hostnames": true,
            "enable_dns_support": true,
            "enable_network_address_usage_metrics": false,
            "id": "vpc-0aed50d856a3ed637",
            "instance_tenancy": "default",
            "ipv4_ipam_pool_id": null,
            "ipv4_netmask_length": null,
            "ipv6_association_id": "",
            "ipv6_cidr_block": "",
            "ipv6_cidr_block_network_border_group": "",
            "ipv6_ipam_pool_id": "",
            "ipv6_netmask_length": 0,
            "main_route_table_id": "rtb-0719b096ac2a9aa83",
            "owner_id": "882040517001",
            "tags": {
              "Name": "order-saga-vpc"
            },
            "tags_all": {
              "Environment": "POC",
              "ManagedBy": "Terraform",
              "Name": "order-saga-vpc",
              "Project": "OrderSaga"
            }
          },
          "sensitive_attributes": [],
          "identity_schema_version": 0,
          "private": "eyJzY2hlbWFfdmVyc2lvbiI6IjEifQ=="
        }
      ]
    }
  ],
  "check_results": null
}
